// !$*UTF8*$!
{
	archiveVersion = 1;
	classes = {
	};
	objectVersion = 56;
	objects = {

/* Begin PBXBuildFile section */
		040DB2C12A1B8D44003E02A4 /* CameraViewController.swift in Sources */ = {isa = PBXBuildFile; fileRef = 040DB2C02A1B8D44003E02A4 /* CameraViewController.swift */; };
		040DB3072A1C734E003E02A4 /* CamViewController.swift in Sources */ = {isa = PBXBuildFile; fileRef = 040DB3062A1C734E003E02A4 /* CamViewController.swift */; };
		040DB3092A1C8B82003E02A4 /* PhotoPreviewViewController.swift in Sources */ = {isa = PBXBuildFile; fileRef = 040DB3082A1C8B82003E02A4 /* PhotoPreviewViewController.swift */; };
		040DB30B2A1C99C2003E02A4 /* ScannerViewController.swift in Sources */ = {isa = PBXBuildFile; fileRef = 040DB30A2A1C99C1003E02A4 /* ScannerViewController.swift */; };
		040DB3112A1CA1E0003E02A4 /* ImagePredictor.swift in Sources */ = {isa = PBXBuildFile; fileRef = 040DB3102A1CA1E0003E02A4 /* ImagePredictor.swift */; };
		040DB3152A1CBF6E003E02A4 /* CGImagePropertyOrientation+UIImageOrientation.swift in Sources */ = {isa = PBXBuildFile; fileRef = 040DB3132A1CBF6E003E02A4 /* CGImagePropertyOrientation+UIImageOrientation.swift */; };
		040DB3162A1CBF6E003E02A4 /* VNClassificationObservation+confidenceString.swift in Sources */ = {isa = PBXBuildFile; fileRef = 040DB3142A1CBF6E003E02A4 /* VNClassificationObservation+confidenceString.swift */; };
		040DB3182A1CCEC9003E02A4 /* UIImage+Extension.swift in Sources */ = {isa = PBXBuildFile; fileRef = 040DB3172A1CCEC9003E02A4 /* UIImage+Extension.swift */; };
		040DB31A2A1CD8A3003E02A4 /* BarHeinModel.mlmodel in Sources */ = {isa = PBXBuildFile; fileRef = 040DB3192A1CD8A3003E02A4 /* BarHeinModel.mlmodel */; };
		0419034D2A1DB59B009BD42A /* ScanHistoryViewController.swift in Sources */ = {isa = PBXBuildFile; fileRef = 0419034C2A1DB59B009BD42A /* ScanHistoryViewController.swift */; };
		0419034F2A1DB5FF009BD42A /* ScanHistoryTableViewCell.swift in Sources */ = {isa = PBXBuildFile; fileRef = 0419034E2A1DB5FF009BD42A /* ScanHistoryTableViewCell.swift */; };
		047AF2A82A1DEB2B00FB9ADD /* ScanHistory.swift in Sources */ = {isa = PBXBuildFile; fileRef = 047AF2A72A1DEB2B00FB9ADD /* ScanHistory.swift */; };
		048E16542A176A520008CF2A /* AppDelegate.swift in Sources */ = {isa = PBXBuildFile; fileRef = 048E16532A176A520008CF2A /* AppDelegate.swift */; };
		048E16562A176A520008CF2A /* SceneDelegate.swift in Sources */ = {isa = PBXBuildFile; fileRef = 048E16552A176A520008CF2A /* SceneDelegate.swift */; };
		048E16582A176A520008CF2A /* BarMapViewController.swift in Sources */ = {isa = PBXBuildFile; fileRef = 048E16572A176A520008CF2A /* BarMapViewController.swift */; };
		048E165B2A176A520008CF2A /* Main.storyboard in Resources */ = {isa = PBXBuildFile; fileRef = 048E16592A176A520008CF2A /* Main.storyboard */; };
		048E165D2A176A540008CF2A /* Assets.xcassets in Resources */ = {isa = PBXBuildFile; fileRef = 048E165C2A176A540008CF2A /* Assets.xcassets */; };
		048E16602A176A540008CF2A /* LaunchScreen.storyboard in Resources */ = {isa = PBXBuildFile; fileRef = 048E165E2A176A540008CF2A /* LaunchScreen.storyboard */; };
		04B9E9D42A1A3B39002A7EC4 /* GoogleService-Info.plist in Resources */ = {isa = PBXBuildFile; fileRef = 04B9E9D32A1A3B39002A7EC4 /* GoogleService-Info.plist */; };
		04B9EA092A1A81BA002A7EC4 /* GooglePlacesManager.swift in Sources */ = {isa = PBXBuildFile; fileRef = 04B9EA082A1A81BA002A7EC4 /* GooglePlacesManager.swift */; };
		04B9EA0B2A1A8235002A7EC4 /* ApiKeys.swift in Sources */ = {isa = PBXBuildFile; fileRef = 04B9EA0A2A1A8235002A7EC4 /* ApiKeys.swift */; };
		04B9EA0D2A1A8248002A7EC4 /* PlacesResponse.swift in Sources */ = {isa = PBXBuildFile; fileRef = 04B9EA0C2A1A8248002A7EC4 /* PlacesResponse.swift */; };
		04B9EA0F2A1A8382002A7EC4 /* ResultsViewController.swift in Sources */ = {isa = PBXBuildFile; fileRef = 04B9EA0E2A1A8382002A7EC4 /* ResultsViewController.swift */; };
		04B9EA112A1A83F5002A7EC4 /* FFSManager.swift in Sources */ = {isa = PBXBuildFile; fileRef = 04B9EA102A1A83F5002A7EC4 /* FFSManager.swift */; };
		04B9EA142A1A956F002A7EC4 /* FirebaseAnalytics in Frameworks */ = {isa = PBXBuildFile; productRef = 04B9EA132A1A956F002A7EC4 /* FirebaseAnalytics */; };
		04B9EA162A1A956F002A7EC4 /* FirebaseAnalyticsWithoutAdIdSupport in Frameworks */ = {isa = PBXBuildFile; productRef = 04B9EA152A1A956F002A7EC4 /* FirebaseAnalyticsWithoutAdIdSupport */; };
		04B9EA182A1A956F002A7EC4 /* FirebaseAuth in Frameworks */ = {isa = PBXBuildFile; productRef = 04B9EA172A1A956F002A7EC4 /* FirebaseAuth */; };
		04B9EA1A2A1A956F002A7EC4 /* FirebaseAuthCombine-Community in Frameworks */ = {isa = PBXBuildFile; productRef = 04B9EA192A1A956F002A7EC4 /* FirebaseAuthCombine-Community */; };
		04B9EA1C2A1A956F002A7EC4 /* FirebaseDatabase in Frameworks */ = {isa = PBXBuildFile; productRef = 04B9EA1B2A1A956F002A7EC4 /* FirebaseDatabase */; };
		04B9EA1E2A1A956F002A7EC4 /* FirebaseDatabaseSwift in Frameworks */ = {isa = PBXBuildFile; productRef = 04B9EA1D2A1A956F002A7EC4 /* FirebaseDatabaseSwift */; };
		04B9EA202A1A956F002A7EC4 /* FirebaseDynamicLinks in Frameworks */ = {isa = PBXBuildFile; productRef = 04B9EA1F2A1A956F002A7EC4 /* FirebaseDynamicLinks */; };
		04B9EA222A1A956F002A7EC4 /* FirebaseFirestore in Frameworks */ = {isa = PBXBuildFile; productRef = 04B9EA212A1A956F002A7EC4 /* FirebaseFirestore */; };
		04B9EA242A1A956F002A7EC4 /* FirebaseFirestoreCombine-Community in Frameworks */ = {isa = PBXBuildFile; productRef = 04B9EA232A1A956F002A7EC4 /* FirebaseFirestoreCombine-Community */; };
		04B9EA262A1A956F002A7EC4 /* FirebaseFirestoreSwift in Frameworks */ = {isa = PBXBuildFile; productRef = 04B9EA252A1A956F002A7EC4 /* FirebaseFirestoreSwift */; };
		04B9EA282A1A956F002A7EC4 /* FirebaseInAppMessaging-Beta in Frameworks */ = {isa = PBXBuildFile; productRef = 04B9EA272A1A956F002A7EC4 /* FirebaseInAppMessaging-Beta */; };
		04B9EA2A2A1A956F002A7EC4 /* FirebaseInAppMessagingSwift-Beta in Frameworks */ = {isa = PBXBuildFile; productRef = 04B9EA292A1A956F002A7EC4 /* FirebaseInAppMessagingSwift-Beta */; };
		04B9EA2C2A1A956F002A7EC4 /* FirebaseMLModelDownloader in Frameworks */ = {isa = PBXBuildFile; productRef = 04B9EA2B2A1A956F002A7EC4 /* FirebaseMLModelDownloader */; };
		04B9EA2E2A1A956F002A7EC4 /* FirebaseMessaging in Frameworks */ = {isa = PBXBuildFile; productRef = 04B9EA2D2A1A956F002A7EC4 /* FirebaseMessaging */; };
		04B9EA302A1A956F002A7EC4 /* FirebaseStorage in Frameworks */ = {isa = PBXBuildFile; productRef = 04B9EA2F2A1A956F002A7EC4 /* FirebaseStorage */; };
		04B9EA322A1A956F002A7EC4 /* FirebaseStorageCombine-Community in Frameworks */ = {isa = PBXBuildFile; productRef = 04B9EA312A1A956F002A7EC4 /* FirebaseStorageCombine-Community */; };
		04D2C1C72A1F4441001212A7 /* DrinksManager.swift in Sources */ = {isa = PBXBuildFile; fileRef = 04D2C1C62A1F4441001212A7 /* DrinksManager.swift */; };
		04D2C1C92A1F459F001212A7 /* Drink.swift in Sources */ = {isa = PBXBuildFile; fileRef = 04D2C1C82A1F459F001212A7 /* Drink.swift */; };
		04D2C1CC2A1F54B1001212A7 /* Codable+Extension.swift in Sources */ = {isa = PBXBuildFile; fileRef = 04D2C1CB2A1F54B1001212A7 /* Codable+Extension.swift */; };
/* End PBXBuildFile section */

/* Begin PBXFileReference section */
		040DB2C02A1B8D44003E02A4 /* CameraViewController.swift */ = {isa = PBXFileReference; lastKnownFileType = sourcecode.swift; path = CameraViewController.swift; sourceTree = "<group>"; };
		040DB3062A1C734E003E02A4 /* CamViewController.swift */ = {isa = PBXFileReference; lastKnownFileType = sourcecode.swift; path = CamViewController.swift; sourceTree = "<group>"; };
		040DB3082A1C8B82003E02A4 /* PhotoPreviewViewController.swift */ = {isa = PBXFileReference; lastKnownFileType = sourcecode.swift; path = PhotoPreviewViewController.swift; sourceTree = "<group>"; };
		040DB30A2A1C99C1003E02A4 /* ScannerViewController.swift */ = {isa = PBXFileReference; lastKnownFileType = sourcecode.swift; path = ScannerViewController.swift; sourceTree = "<group>"; };
		040DB3102A1CA1E0003E02A4 /* ImagePredictor.swift */ = {isa = PBXFileReference; lastKnownFileType = sourcecode.swift; path = ImagePredictor.swift; sourceTree = "<group>"; };
		040DB3132A1CBF6E003E02A4 /* CGImagePropertyOrientation+UIImageOrientation.swift */ = {isa = PBXFileReference; fileEncoding = 4; lastKnownFileType = sourcecode.swift; path = "CGImagePropertyOrientation+UIImageOrientation.swift"; sourceTree = "<group>"; };
		040DB3142A1CBF6E003E02A4 /* VNClassificationObservation+confidenceString.swift */ = {isa = PBXFileReference; fileEncoding = 4; lastKnownFileType = sourcecode.swift; path = "VNClassificationObservation+confidenceString.swift"; sourceTree = "<group>"; };
		040DB3172A1CCEC9003E02A4 /* UIImage+Extension.swift */ = {isa = PBXFileReference; lastKnownFileType = sourcecode.swift; path = "UIImage+Extension.swift"; sourceTree = "<group>"; };
		040DB3192A1CD8A3003E02A4 /* BarHeinModel.mlmodel */ = {isa = PBXFileReference; lastKnownFileType = file.mlmodel; path = BarHeinModel.mlmodel; sourceTree = "<group>"; };
		0419034C2A1DB59B009BD42A /* ScanHistoryViewController.swift */ = {isa = PBXFileReference; lastKnownFileType = sourcecode.swift; name = ScanHistoryViewController.swift; path = "Drinkr!/Controllers/ScanHistoryViewController.swift"; sourceTree = SOURCE_ROOT; };
		0419034E2A1DB5FF009BD42A /* ScanHistoryTableViewCell.swift */ = {isa = PBXFileReference; lastKnownFileType = sourcecode.swift; name = ScanHistoryTableViewCell.swift; path = "Drinkr!/Views/ScanHistoryTableViewCell.swift"; sourceTree = SOURCE_ROOT; };
		047AF2A72A1DEB2B00FB9ADD /* ScanHistory.swift */ = {isa = PBXFileReference; lastKnownFileType = sourcecode.swift; path = ScanHistory.swift; sourceTree = "<group>"; };
		048E16502A176A520008CF2A /* Drinkr!.app */ = {isa = PBXFileReference; explicitFileType = wrapper.application; includeInIndex = 0; path = "Drinkr!.app"; sourceTree = BUILT_PRODUCTS_DIR; };
		048E16532A176A520008CF2A /* AppDelegate.swift */ = {isa = PBXFileReference; lastKnownFileType = sourcecode.swift; path = AppDelegate.swift; sourceTree = "<group>"; };
		048E16552A176A520008CF2A /* SceneDelegate.swift */ = {isa = PBXFileReference; lastKnownFileType = sourcecode.swift; path = SceneDelegate.swift; sourceTree = "<group>"; };
		048E16572A176A520008CF2A /* BarMapViewController.swift */ = {isa = PBXFileReference; lastKnownFileType = sourcecode.swift; path = BarMapViewController.swift; sourceTree = "<group>"; };
		048E165A2A176A520008CF2A /* Base */ = {isa = PBXFileReference; lastKnownFileType = file.storyboard; name = Base; path = Base.lproj/Main.storyboard; sourceTree = "<group>"; };
		048E165C2A176A540008CF2A /* Assets.xcassets */ = {isa = PBXFileReference; lastKnownFileType = folder.assetcatalog; path = Assets.xcassets; sourceTree = "<group>"; };
		048E165F2A176A540008CF2A /* Base */ = {isa = PBXFileReference; lastKnownFileType = file.storyboard; name = Base; path = Base.lproj/LaunchScreen.storyboard; sourceTree = "<group>"; };
		048E16612A176A540008CF2A /* Info.plist */ = {isa = PBXFileReference; lastKnownFileType = text.plist.xml; path = Info.plist; sourceTree = "<group>"; };
		04B9E9D32A1A3B39002A7EC4 /* GoogleService-Info.plist */ = {isa = PBXFileReference; fileEncoding = 4; lastKnownFileType = text.plist.xml; path = "GoogleService-Info.plist"; sourceTree = "<group>"; };
		04B9EA082A1A81BA002A7EC4 /* GooglePlacesManager.swift */ = {isa = PBXFileReference; fileEncoding = 4; lastKnownFileType = sourcecode.swift; path = GooglePlacesManager.swift; sourceTree = "<group>"; };
		04B9EA0A2A1A8235002A7EC4 /* ApiKeys.swift */ = {isa = PBXFileReference; fileEncoding = 4; lastKnownFileType = sourcecode.swift; path = ApiKeys.swift; sourceTree = "<group>"; };
		04B9EA0C2A1A8248002A7EC4 /* PlacesResponse.swift */ = {isa = PBXFileReference; fileEncoding = 4; lastKnownFileType = sourcecode.swift; path = PlacesResponse.swift; sourceTree = "<group>"; };
		04B9EA0E2A1A8382002A7EC4 /* ResultsViewController.swift */ = {isa = PBXFileReference; fileEncoding = 4; lastKnownFileType = sourcecode.swift; path = ResultsViewController.swift; sourceTree = "<group>"; };
		04B9EA102A1A83F5002A7EC4 /* FFSManager.swift */ = {isa = PBXFileReference; lastKnownFileType = sourcecode.swift; path = FFSManager.swift; sourceTree = "<group>"; };
		04D2C1C62A1F4441001212A7 /* DrinksManager.swift */ = {isa = PBXFileReference; lastKnownFileType = sourcecode.swift; path = DrinksManager.swift; sourceTree = "<group>"; };
		04D2C1C82A1F459F001212A7 /* Drink.swift */ = {isa = PBXFileReference; lastKnownFileType = sourcecode.swift; path = Drink.swift; sourceTree = "<group>"; };
		04D2C1CB2A1F54B1001212A7 /* Codable+Extension.swift */ = {isa = PBXFileReference; lastKnownFileType = sourcecode.swift; path = "Codable+Extension.swift"; sourceTree = "<group>"; };
/* End PBXFileReference section */

/* Begin PBXFrameworksBuildPhase section */
		048E164D2A176A520008CF2A /* Frameworks */ = {
			isa = PBXFrameworksBuildPhase;
			buildActionMask = 2147483647;
			files = (
				04B9EA1E2A1A956F002A7EC4 /* FirebaseDatabaseSwift in Frameworks */,
				04B9EA1C2A1A956F002A7EC4 /* FirebaseDatabase in Frameworks */,
				04B9EA142A1A956F002A7EC4 /* FirebaseAnalytics in Frameworks */,
				04B9EA242A1A956F002A7EC4 /* FirebaseFirestoreCombine-Community in Frameworks */,
				04B9EA202A1A956F002A7EC4 /* FirebaseDynamicLinks in Frameworks */,
				04B9EA302A1A956F002A7EC4 /* FirebaseStorage in Frameworks */,
				04B9EA322A1A956F002A7EC4 /* FirebaseStorageCombine-Community in Frameworks */,
				04B9EA262A1A956F002A7EC4 /* FirebaseFirestoreSwift in Frameworks */,
				04B9EA162A1A956F002A7EC4 /* FirebaseAnalyticsWithoutAdIdSupport in Frameworks */,
				04B9EA222A1A956F002A7EC4 /* FirebaseFirestore in Frameworks */,
				04B9EA2A2A1A956F002A7EC4 /* FirebaseInAppMessagingSwift-Beta in Frameworks */,
				04B9EA182A1A956F002A7EC4 /* FirebaseAuth in Frameworks */,
				04B9EA1A2A1A956F002A7EC4 /* FirebaseAuthCombine-Community in Frameworks */,
				04B9EA2E2A1A956F002A7EC4 /* FirebaseMessaging in Frameworks */,
				04B9EA282A1A956F002A7EC4 /* FirebaseInAppMessaging-Beta in Frameworks */,
				04B9EA2C2A1A956F002A7EC4 /* FirebaseMLModelDownloader in Frameworks */,
			);
			runOnlyForDeploymentPostprocessing = 0;
		};
/* End PBXFrameworksBuildPhase section */

/* Begin PBXGroup section */
		040DB3122A1CA20E003E02A4 /* Draft */ = {
			isa = PBXGroup;
			children = (
				040DB3132A1CBF6E003E02A4 /* CGImagePropertyOrientation+UIImageOrientation.swift */,
				040DB3142A1CBF6E003E02A4 /* VNClassificationObservation+confidenceString.swift */,
				040DB3102A1CA1E0003E02A4 /* ImagePredictor.swift */,
				04B9EA0E2A1A8382002A7EC4 /* ResultsViewController.swift */,
				040DB2C02A1B8D44003E02A4 /* CameraViewController.swift */,
				040DB3082A1C8B82003E02A4 /* PhotoPreviewViewController.swift */,
				040DB3062A1C734E003E02A4 /* CamViewController.swift */,
			);
			path = Draft;
			sourceTree = "<group>";
		};
		040DB31B2A1CD8EE003E02A4 /* Resource */ = {
			isa = PBXGroup;
			children = (
				048E16532A176A520008CF2A /* AppDelegate.swift */,
				048E16552A176A520008CF2A /* SceneDelegate.swift */,
				04B9EA082A1A81BA002A7EC4 /* GooglePlacesManager.swift */,
				04B9EA102A1A83F5002A7EC4 /* FFSManager.swift */,
				04B9EA0A2A1A8235002A7EC4 /* ApiKeys.swift */,
				04D2C1C62A1F4441001212A7 /* DrinksManager.swift */,
			);
			path = Resource;
			sourceTree = "<group>";
		};
		0419034B2A1DB547009BD42A /* Views */ = {
			isa = PBXGroup;
			children = (
				0419034E2A1DB5FF009BD42A /* ScanHistoryTableViewCell.swift */,
			);
			path = Views;
			sourceTree = "<group>";
		};
		048E16472A176A520008CF2A = {
			isa = PBXGroup;
			children = (
				048E16522A176A520008CF2A /* Drinkr! */,
				048E16512A176A520008CF2A /* Products */,
				6B09F3D11902C8C6B05A2164 /* Pods */,
			);
			sourceTree = "<group>";
		};
		048E16512A176A520008CF2A /* Products */ = {
			isa = PBXGroup;
			children = (
				048E16502A176A520008CF2A /* Drinkr!.app */,
			);
			name = Products;
			sourceTree = "<group>";
		};
		048E16522A176A520008CF2A /* Drinkr! */ = {
			isa = PBXGroup;
			children = (
				04D2C1CA2A1F5490001212A7 /* Extensions */,
				040DB31B2A1CD8EE003E02A4 /* Resource */,
				048E166B2A1773C30008CF2A /* Models */,
				048E166D2A1773D90008CF2A /* Controllers */,
				0419034B2A1DB547009BD42A /* Views */,
				048E166E2A1774170008CF2A /* Storyboards */,
				048E165C2A176A540008CF2A /* Assets.xcassets */,
				048E16612A176A540008CF2A /* Info.plist */,
				04B9E9D32A1A3B39002A7EC4 /* GoogleService-Info.plist */,
				040DB3122A1CA20E003E02A4 /* Draft */,
			);
			path = "Drinkr!";
			sourceTree = "<group>";
		};
		048E166B2A1773C30008CF2A /* Models */ = {
			isa = PBXGroup;
			children = (
				040DB3192A1CD8A3003E02A4 /* BarHeinModel.mlmodel */,
				04B9EA0C2A1A8248002A7EC4 /* PlacesResponse.swift */,
				047AF2A72A1DEB2B00FB9ADD /* ScanHistory.swift */,
				04D2C1C82A1F459F001212A7 /* Drink.swift */,
			);
			path = Models;
			sourceTree = "<group>";
		};
		048E166D2A1773D90008CF2A /* Controllers */ = {
			isa = PBXGroup;
			children = (
				048E16572A176A520008CF2A /* BarMapViewController.swift */,
				040DB30A2A1C99C1003E02A4 /* ScannerViewController.swift */,
				0419034C2A1DB59B009BD42A /* ScanHistoryViewController.swift */,
			);
			path = Controllers;
			sourceTree = "<group>";
		};
		048E166E2A1774170008CF2A /* Storyboards */ = {
			isa = PBXGroup;
			children = (
				048E16592A176A520008CF2A /* Main.storyboard */,
				048E165E2A176A540008CF2A /* LaunchScreen.storyboard */,
			);
			path = Storyboards;
			sourceTree = "<group>";
		};
		04D2C1CA2A1F5490001212A7 /* Extensions */ = {
			isa = PBXGroup;
			children = (
				040DB3172A1CCEC9003E02A4 /* UIImage+Extension.swift */,
				04D2C1CB2A1F54B1001212A7 /* Codable+Extension.swift */,
			);
			path = Extensions;
			sourceTree = "<group>";
		};
		6B09F3D11902C8C6B05A2164 /* Pods */ = {
			isa = PBXGroup;
			children = (
			);
			path = Pods;
			sourceTree = "<group>";
		};
/* End PBXGroup section */

/* Begin PBXNativeTarget section */
		048E164F2A176A520008CF2A /* Drinkr! */ = {
			isa = PBXNativeTarget;
			buildConfigurationList = 048E16642A176A540008CF2A /* Build configuration list for PBXNativeTarget "Drinkr!" */;
			buildPhases = (
				048E164C2A176A520008CF2A /* Sources */,
				048E164D2A176A520008CF2A /* Frameworks */,
				048E164E2A176A520008CF2A /* Resources */,
				04B9EA332A1B391E002A7EC4 /* ShellScript */,
			);
			buildRules = (
			);
			dependencies = (
			);
			name = "Drinkr!";
			packageProductDependencies = (
				04B9EA132A1A956F002A7EC4 /* FirebaseAnalytics */,
				04B9EA152A1A956F002A7EC4 /* FirebaseAnalyticsWithoutAdIdSupport */,
				04B9EA172A1A956F002A7EC4 /* FirebaseAuth */,
				04B9EA192A1A956F002A7EC4 /* FirebaseAuthCombine-Community */,
				04B9EA1B2A1A956F002A7EC4 /* FirebaseDatabase */,
				04B9EA1D2A1A956F002A7EC4 /* FirebaseDatabaseSwift */,
				04B9EA1F2A1A956F002A7EC4 /* FirebaseDynamicLinks */,
				04B9EA212A1A956F002A7EC4 /* FirebaseFirestore */,
				04B9EA232A1A956F002A7EC4 /* FirebaseFirestoreCombine-Community */,
				04B9EA252A1A956F002A7EC4 /* FirebaseFirestoreSwift */,
				04B9EA272A1A956F002A7EC4 /* FirebaseInAppMessaging-Beta */,
				04B9EA292A1A956F002A7EC4 /* FirebaseInAppMessagingSwift-Beta */,
				04B9EA2B2A1A956F002A7EC4 /* FirebaseMLModelDownloader */,
				04B9EA2D2A1A956F002A7EC4 /* FirebaseMessaging */,
				04B9EA2F2A1A956F002A7EC4 /* FirebaseStorage */,
				04B9EA312A1A956F002A7EC4 /* FirebaseStorageCombine-Community */,
			);
			productName = "Drinkr!";
			productReference = 048E16502A176A520008CF2A /* Drinkr!.app */;
			productType = "com.apple.product-type.application";
		};
/* End PBXNativeTarget section */

/* Begin PBXProject section */
		048E16482A176A520008CF2A /* Project object */ = {
			isa = PBXProject;
			attributes = {
				BuildIndependentTargetsInParallel = 1;
				LastSwiftUpdateCheck = 1430;
				LastUpgradeCheck = 1430;
				TargetAttributes = {
					048E164F2A176A520008CF2A = {
						CreatedOnToolsVersion = 14.3;
					};
				};
			};
			buildConfigurationList = 048E164B2A176A520008CF2A /* Build configuration list for PBXProject "Drinkr!" */;
			compatibilityVersion = "Xcode 14.0";
			developmentRegion = en;
			hasScannedForEncodings = 0;
			knownRegions = (
				en,
				Base,
			);
			mainGroup = 048E16472A176A520008CF2A;
			packageReferences = (
				04B9EA122A1A956F002A7EC4 /* XCRemoteSwiftPackageReference "firebase-ios-sdk" */,
			);
			productRefGroup = 048E16512A176A520008CF2A /* Products */;
			projectDirPath = "";
			projectRoot = "";
			targets = (
				048E164F2A176A520008CF2A /* Drinkr! */,
			);
		};
/* End PBXProject section */

/* Begin PBXResourcesBuildPhase section */
		048E164E2A176A520008CF2A /* Resources */ = {
			isa = PBXResourcesBuildPhase;
			buildActionMask = 2147483647;
			files = (
				048E16602A176A540008CF2A /* LaunchScreen.storyboard in Resources */,
				04B9E9D42A1A3B39002A7EC4 /* GoogleService-Info.plist in Resources */,
				048E165D2A176A540008CF2A /* Assets.xcassets in Resources */,
				048E165B2A176A520008CF2A /* Main.storyboard in Resources */,
			);
			runOnlyForDeploymentPostprocessing = 0;
		};
/* End PBXResourcesBuildPhase section */

/* Begin PBXShellScriptBuildPhase section */
		04B9EA332A1B391E002A7EC4 /* ShellScript */ = {
			isa = PBXShellScriptBuildPhase;
			buildActionMask = 2147483647;
			files = (
			);
			inputFileListPaths = (
			);
			inputPaths = (
			);
			outputFileListPaths = (
			);
			outputPaths = (
			);
			runOnlyForDeploymentPostprocessing = 0;
			shellPath = /bin/sh;
			shellScript = "# Type a script or drag a script file from your workspace to insert its path.\n\n\"${PODS_ROOT}/SwiftLint/swiftlint\"\n";
		};
/* End PBXShellScriptBuildPhase section */

/* Begin PBXSourcesBuildPhase section */
		048E164C2A176A520008CF2A /* Sources */ = {
			isa = PBXSourcesBuildPhase;
			buildActionMask = 2147483647;
			files = (
				040DB3072A1C734E003E02A4 /* CamViewController.swift in Sources */,
				04B9EA0D2A1A8248002A7EC4 /* PlacesResponse.swift in Sources */,
				04B9EA092A1A81BA002A7EC4 /* GooglePlacesManager.swift in Sources */,
				047AF2A82A1DEB2B00FB9ADD /* ScanHistory.swift in Sources */,
				048E16582A176A520008CF2A /* BarMapViewController.swift in Sources */,
				040DB3152A1CBF6E003E02A4 /* CGImagePropertyOrientation+UIImageOrientation.swift in Sources */,
				040DB3112A1CA1E0003E02A4 /* ImagePredictor.swift in Sources */,
				040DB31A2A1CD8A3003E02A4 /* BarHeinModel.mlmodel in Sources */,
				040DB3092A1C8B82003E02A4 /* PhotoPreviewViewController.swift in Sources */,
				04B9EA0F2A1A8382002A7EC4 /* ResultsViewController.swift in Sources */,
				048E16542A176A520008CF2A /* AppDelegate.swift in Sources */,
				040DB3162A1CBF6E003E02A4 /* VNClassificationObservation+confidenceString.swift in Sources */,
				0419034F2A1DB5FF009BD42A /* ScanHistoryTableViewCell.swift in Sources */,
				040DB3182A1CCEC9003E02A4 /* UIImage+Extension.swift in Sources */,
				04D2C1C92A1F459F001212A7 /* Drink.swift in Sources */,
				040DB30B2A1C99C2003E02A4 /* ScannerViewController.swift in Sources */,
				04B9EA112A1A83F5002A7EC4 /* FFSManager.swift in Sources */,
				048E16562A176A520008CF2A /* SceneDelegate.swift in Sources */,
				04B9EA0B2A1A8235002A7EC4 /* ApiKeys.swift in Sources */,
				04D2C1CC2A1F54B1001212A7 /* Codable+Extension.swift in Sources */,
				04D2C1C72A1F4441001212A7 /* DrinksManager.swift in Sources */,
				0419034D2A1DB59B009BD42A /* ScanHistoryViewController.swift in Sources */,
				040DB2C12A1B8D44003E02A4 /* CameraViewController.swift in Sources */,
			);
			runOnlyForDeploymentPostprocessing = 0;
		};
/* End PBXSourcesBuildPhase section */

/* Begin PBXVariantGroup section */
		048E16592A176A520008CF2A /* Main.storyboard */ = {
			isa = PBXVariantGroup;
			children = (
				048E165A2A176A520008CF2A /* Base */,
			);
			name = Main.storyboard;
			sourceTree = "<group>";
		};
		048E165E2A176A540008CF2A /* LaunchScreen.storyboard */ = {
			isa = PBXVariantGroup;
			children = (
				048E165F2A176A540008CF2A /* Base */,
			);
			name = LaunchScreen.storyboard;
			sourceTree = "<group>";
		};
/* End PBXVariantGroup section */

/* Begin XCBuildConfiguration section */
		048E16622A176A540008CF2A /* Debug */ = {
			isa = XCBuildConfiguration;
			buildSettings = {
				ALWAYS_SEARCH_USER_PATHS = NO;
				CLANG_ANALYZER_NONNULL = YES;
				CLANG_ANALYZER_NUMBER_OBJECT_CONVERSION = YES_AGGRESSIVE;
				CLANG_CXX_LANGUAGE_STANDARD = "gnu++20";
				CLANG_ENABLE_MODULES = YES;
				CLANG_ENABLE_OBJC_ARC = YES;
				CLANG_ENABLE_OBJC_WEAK = YES;
				CLANG_WARN_BLOCK_CAPTURE_AUTORELEASING = YES;
				CLANG_WARN_BOOL_CONVERSION = YES;
				CLANG_WARN_COMMA = YES;
				CLANG_WARN_CONSTANT_CONVERSION = YES;
				CLANG_WARN_DEPRECATED_OBJC_IMPLEMENTATIONS = YES;
				CLANG_WARN_DIRECT_OBJC_ISA_USAGE = YES_ERROR;
				CLANG_WARN_DOCUMENTATION_COMMENTS = YES;
				CLANG_WARN_EMPTY_BODY = YES;
				CLANG_WARN_ENUM_CONVERSION = YES;
				CLANG_WARN_INFINITE_RECURSION = YES;
				CLANG_WARN_INT_CONVERSION = YES;
				CLANG_WARN_NON_LITERAL_NULL_CONVERSION = YES;
				CLANG_WARN_OBJC_IMPLICIT_RETAIN_SELF = YES;
				CLANG_WARN_OBJC_LITERAL_CONVERSION = YES;
				CLANG_WARN_OBJC_ROOT_CLASS = YES_ERROR;
				CLANG_WARN_QUOTED_INCLUDE_IN_FRAMEWORK_HEADER = YES;
				CLANG_WARN_RANGE_LOOP_ANALYSIS = YES;
				CLANG_WARN_STRICT_PROTOTYPES = YES;
				CLANG_WARN_SUSPICIOUS_MOVE = YES;
				CLANG_WARN_UNGUARDED_AVAILABILITY = YES_AGGRESSIVE;
				CLANG_WARN_UNREACHABLE_CODE = YES;
				CLANG_WARN__DUPLICATE_METHOD_MATCH = YES;
				COPY_PHASE_STRIP = NO;
				DEBUG_INFORMATION_FORMAT = dwarf;
				ENABLE_STRICT_OBJC_MSGSEND = YES;
				ENABLE_TESTABILITY = YES;
				GCC_C_LANGUAGE_STANDARD = gnu11;
				GCC_DYNAMIC_NO_PIC = NO;
				GCC_NO_COMMON_BLOCKS = YES;
				GCC_OPTIMIZATION_LEVEL = 0;
				GCC_PREPROCESSOR_DEFINITIONS = (
					"DEBUG=1",
					"$(inherited)",
				);
				GCC_WARN_64_TO_32_BIT_CONVERSION = YES;
				GCC_WARN_ABOUT_RETURN_TYPE = YES_ERROR;
				GCC_WARN_UNDECLARED_SELECTOR = YES;
				GCC_WARN_UNINITIALIZED_AUTOS = YES_AGGRESSIVE;
				GCC_WARN_UNUSED_FUNCTION = YES;
				GCC_WARN_UNUSED_VARIABLE = YES;
				IPHONEOS_DEPLOYMENT_TARGET = 15.0;
				MTL_ENABLE_DEBUG_INFO = INCLUDE_SOURCE;
				MTL_FAST_MATH = YES;
				ONLY_ACTIVE_ARCH = YES;
				SDKROOT = iphoneos;
				SWIFT_ACTIVE_COMPILATION_CONDITIONS = DEBUG;
				SWIFT_OPTIMIZATION_LEVEL = "-Onone";
			};
			name = Debug;
		};
		048E16632A176A540008CF2A /* Release */ = {
			isa = XCBuildConfiguration;
			buildSettings = {
				ALWAYS_SEARCH_USER_PATHS = NO;
				CLANG_ANALYZER_NONNULL = YES;
				CLANG_ANALYZER_NUMBER_OBJECT_CONVERSION = YES_AGGRESSIVE;
				CLANG_CXX_LANGUAGE_STANDARD = "gnu++20";
				CLANG_ENABLE_MODULES = YES;
				CLANG_ENABLE_OBJC_ARC = YES;
				CLANG_ENABLE_OBJC_WEAK = YES;
				CLANG_WARN_BLOCK_CAPTURE_AUTORELEASING = YES;
				CLANG_WARN_BOOL_CONVERSION = YES;
				CLANG_WARN_COMMA = YES;
				CLANG_WARN_CONSTANT_CONVERSION = YES;
				CLANG_WARN_DEPRECATED_OBJC_IMPLEMENTATIONS = YES;
				CLANG_WARN_DIRECT_OBJC_ISA_USAGE = YES_ERROR;
				CLANG_WARN_DOCUMENTATION_COMMENTS = YES;
				CLANG_WARN_EMPTY_BODY = YES;
				CLANG_WARN_ENUM_CONVERSION = YES;
				CLANG_WARN_INFINITE_RECURSION = YES;
				CLANG_WARN_INT_CONVERSION = YES;
				CLANG_WARN_NON_LITERAL_NULL_CONVERSION = YES;
				CLANG_WARN_OBJC_IMPLICIT_RETAIN_SELF = YES;
				CLANG_WARN_OBJC_LITERAL_CONVERSION = YES;
				CLANG_WARN_OBJC_ROOT_CLASS = YES_ERROR;
				CLANG_WARN_QUOTED_INCLUDE_IN_FRAMEWORK_HEADER = YES;
				CLANG_WARN_RANGE_LOOP_ANALYSIS = YES;
				CLANG_WARN_STRICT_PROTOTYPES = YES;
				CLANG_WARN_SUSPICIOUS_MOVE = YES;
				CLANG_WARN_UNGUARDED_AVAILABILITY = YES_AGGRESSIVE;
				CLANG_WARN_UNREACHABLE_CODE = YES;
				CLANG_WARN__DUPLICATE_METHOD_MATCH = YES;
				COPY_PHASE_STRIP = NO;
				DEBUG_INFORMATION_FORMAT = "dwarf-with-dsym";
				ENABLE_NS_ASSERTIONS = NO;
				ENABLE_STRICT_OBJC_MSGSEND = YES;
				GCC_C_LANGUAGE_STANDARD = gnu11;
				GCC_NO_COMMON_BLOCKS = YES;
				GCC_WARN_64_TO_32_BIT_CONVERSION = YES;
				GCC_WARN_ABOUT_RETURN_TYPE = YES_ERROR;
				GCC_WARN_UNDECLARED_SELECTOR = YES;
				GCC_WARN_UNINITIALIZED_AUTOS = YES_AGGRESSIVE;
				GCC_WARN_UNUSED_FUNCTION = YES;
				GCC_WARN_UNUSED_VARIABLE = YES;
				IPHONEOS_DEPLOYMENT_TARGET = 15.0;
				MTL_ENABLE_DEBUG_INFO = NO;
				MTL_FAST_MATH = YES;
				SDKROOT = iphoneos;
				SWIFT_COMPILATION_MODE = wholemodule;
				SWIFT_OPTIMIZATION_LEVEL = "-O";
				VALIDATE_PRODUCT = YES;
			};
			name = Release;
		};
		048E16652A176A540008CF2A /* Debug */ = {
			isa = XCBuildConfiguration;
			buildSettings = {
				ASSETCATALOG_COMPILER_APPICON_NAME = AppIcon;
				ASSETCATALOG_COMPILER_GLOBAL_ACCENT_COLOR_NAME = AccentColor;
				CODE_SIGN_STYLE = Automatic;
				CURRENT_PROJECT_VERSION = 1;
				DEVELOPMENT_TEAM = 98ZG5UZMCT;
				GENERATE_INFOPLIST_FILE = YES;
				INFOPLIST_FILE = "Drinkr!/Info.plist";
				INFOPLIST_KEY_UIApplicationSupportsIndirectInputEvents = YES;
				INFOPLIST_KEY_UILaunchStoryboardName = LaunchScreen;
				INFOPLIST_KEY_UIMainStoryboardFile = Main;
				INFOPLIST_KEY_UISupportedInterfaceOrientations_iPad = "UIInterfaceOrientationPortrait UIInterfaceOrientationPortraitUpsideDown UIInterfaceOrientationLandscapeLeft UIInterfaceOrientationLandscapeRight";
				INFOPLIST_KEY_UISupportedInterfaceOrientations_iPhone = "UIInterfaceOrientationPortrait UIInterfaceOrientationLandscapeLeft UIInterfaceOrientationLandscapeRight";
				LD_RUNPATH_SEARCH_PATHS = (
					"$(inherited)",
					"@executable_path/Frameworks",
				);
				MARKETING_VERSION = 1.0;
				PRODUCT_BUNDLE_IDENTIFIER = "com.yoonzy.Drinkr-";
				PRODUCT_NAME = "$(TARGET_NAME)";
				SWIFT_EMIT_LOC_STRINGS = YES;
				SWIFT_VERSION = 5.0;
				TARGETED_DEVICE_FAMILY = "1,2";
			};
			name = Debug;
		};
		048E16662A176A540008CF2A /* Release */ = {
			isa = XCBuildConfiguration;
			buildSettings = {
				ASSETCATALOG_COMPILER_APPICON_NAME = AppIcon;
				ASSETCATALOG_COMPILER_GLOBAL_ACCENT_COLOR_NAME = AccentColor;
				CODE_SIGN_STYLE = Automatic;
				CURRENT_PROJECT_VERSION = 1;
				DEVELOPMENT_TEAM = 98ZG5UZMCT;
				GENERATE_INFOPLIST_FILE = YES;
				INFOPLIST_FILE = "Drinkr!/Info.plist";
				INFOPLIST_KEY_UIApplicationSupportsIndirectInputEvents = YES;
				INFOPLIST_KEY_UILaunchStoryboardName = LaunchScreen;
				INFOPLIST_KEY_UIMainStoryboardFile = Main;
				INFOPLIST_KEY_UISupportedInterfaceOrientations_iPad = "UIInterfaceOrientationPortrait UIInterfaceOrientationPortraitUpsideDown UIInterfaceOrientationLandscapeLeft UIInterfaceOrientationLandscapeRight";
				INFOPLIST_KEY_UISupportedInterfaceOrientations_iPhone = "UIInterfaceOrientationPortrait UIInterfaceOrientationLandscapeLeft UIInterfaceOrientationLandscapeRight";
				LD_RUNPATH_SEARCH_PATHS = (
					"$(inherited)",
					"@executable_path/Frameworks",
				);
				MARKETING_VERSION = 1.0;
				PRODUCT_BUNDLE_IDENTIFIER = "com.yoonzy.Drinkr-";
				PRODUCT_NAME = "$(TARGET_NAME)";
				SWIFT_EMIT_LOC_STRINGS = YES;
				SWIFT_VERSION = 5.0;
				TARGETED_DEVICE_FAMILY = "1,2";
			};
			name = Release;
		};
/* End XCBuildConfiguration section */

/* Begin XCConfigurationList section */
		048E164B2A176A520008CF2A /* Build configuration list for PBXProject "Drinkr!" */ = {
			isa = XCConfigurationList;
			buildConfigurations = (
				048E16622A176A540008CF2A /* Debug */,
				048E16632A176A540008CF2A /* Release */,
			);
			defaultConfigurationIsVisible = 0;
			defaultConfigurationName = Release;
		};
		048E16642A176A540008CF2A /* Build configuration list for PBXNativeTarget "Drinkr!" */ = {
			isa = XCConfigurationList;
			buildConfigurations = (
				048E16652A176A540008CF2A /* Debug */,
				048E16662A176A540008CF2A /* Release */,
			);
			defaultConfigurationIsVisible = 0;
			defaultConfigurationName = Release;
		};
/* End XCConfigurationList section */

/* Begin XCRemoteSwiftPackageReference section */
		04B9EA122A1A956F002A7EC4 /* XCRemoteSwiftPackageReference "firebase-ios-sdk" */ = {
			isa = XCRemoteSwiftPackageReference;
			repositoryURL = "https://github.com/firebase/firebase-ios-sdk";
			requirement = {
				kind = upToNextMajorVersion;
				minimumVersion = 10.0.0;
			};
		};
/* End XCRemoteSwiftPackageReference section */

/* Begin XCSwiftPackageProductDependency section */
		04B9EA132A1A956F002A7EC4 /* FirebaseAnalytics */ = {
			isa = XCSwiftPackageProductDependency;
			package = 04B9EA122A1A956F002A7EC4 /* XCRemoteSwiftPackageReference "firebase-ios-sdk" */;
			productName = FirebaseAnalytics;
		};
		04B9EA152A1A956F002A7EC4 /* FirebaseAnalyticsWithoutAdIdSupport */ = {
			isa = XCSwiftPackageProductDependency;
			package = 04B9EA122A1A956F002A7EC4 /* XCRemoteSwiftPackageReference "firebase-ios-sdk" */;
			productName = FirebaseAnalyticsWithoutAdIdSupport;
		};
		04B9EA172A1A956F002A7EC4 /* FirebaseAuth */ = {
			isa = XCSwiftPackageProductDependency;
			package = 04B9EA122A1A956F002A7EC4 /* XCRemoteSwiftPackageReference "firebase-ios-sdk" */;
			productName = FirebaseAuth;
		};
		04B9EA192A1A956F002A7EC4 /* FirebaseAuthCombine-Community */ = {
			isa = XCSwiftPackageProductDependency;
			package = 04B9EA122A1A956F002A7EC4 /* XCRemoteSwiftPackageReference "firebase-ios-sdk" */;
			productName = "FirebaseAuthCombine-Community";
		};
		04B9EA1B2A1A956F002A7EC4 /* FirebaseDatabase */ = {
			isa = XCSwiftPackageProductDependency;
			package = 04B9EA122A1A956F002A7EC4 /* XCRemoteSwiftPackageReference "firebase-ios-sdk" */;
			productName = FirebaseDatabase;
		};
		04B9EA1D2A1A956F002A7EC4 /* FirebaseDatabaseSwift */ = {
			isa = XCSwiftPackageProductDependency;
			package = 04B9EA122A1A956F002A7EC4 /* XCRemoteSwiftPackageReference "firebase-ios-sdk" */;
			productName = FirebaseDatabaseSwift;
		};
		04B9EA1F2A1A956F002A7EC4 /* FirebaseDynamicLinks */ = {
			isa = XCSwiftPackageProductDependency;
			package = 04B9EA122A1A956F002A7EC4 /* XCRemoteSwiftPackageReference "firebase-ios-sdk" */;
			productName = FirebaseDynamicLinks;
		};
		04B9EA212A1A956F002A7EC4 /* FirebaseFirestore */ = {
			isa = XCSwiftPackageProductDependency;
			package = 04B9EA122A1A956F002A7EC4 /* XCRemoteSwiftPackageReference "firebase-ios-sdk" */;
			productName = FirebaseFirestore;
		};
		04B9EA232A1A956F002A7EC4 /* FirebaseFirestoreCombine-Community */ = {
			isa = XCSwiftPackageProductDependency;
			package = 04B9EA122A1A956F002A7EC4 /* XCRemoteSwiftPackageReference "firebase-ios-sdk" */;
			productName = "FirebaseFirestoreCombine-Community";
		};
		04B9EA252A1A956F002A7EC4 /* FirebaseFirestoreSwift */ = {
			isa = XCSwiftPackageProductDependency;
			package = 04B9EA122A1A956F002A7EC4 /* XCRemoteSwiftPackageReference "firebase-ios-sdk" */;
			productName = FirebaseFirestoreSwift;
		};
		04B9EA272A1A956F002A7EC4 /* FirebaseInAppMessaging-Beta */ = {
			isa = XCSwiftPackageProductDependency;
			package = 04B9EA122A1A956F002A7EC4 /* XCRemoteSwiftPackageReference "firebase-ios-sdk" */;
			productName = "FirebaseInAppMessaging-Beta";
		};
		04B9EA292A1A956F002A7EC4 /* FirebaseInAppMessagingSwift-Beta */ = {
			isa = XCSwiftPackageProductDependency;
			package = 04B9EA122A1A956F002A7EC4 /* XCRemoteSwiftPackageReference "firebase-ios-sdk" */;
			productName = "FirebaseInAppMessagingSwift-Beta";
		};
		04B9EA2B2A1A956F002A7EC4 /* FirebaseMLModelDownloader */ = {
			isa = XCSwiftPackageProductDependency;
			package = 04B9EA122A1A956F002A7EC4 /* XCRemoteSwiftPackageReference "firebase-ios-sdk" */;
			productName = FirebaseMLModelDownloader;
		};
		04B9EA2D2A1A956F002A7EC4 /* FirebaseMessaging */ = {
			isa = XCSwiftPackageProductDependency;
			package = 04B9EA122A1A956F002A7EC4 /* XCRemoteSwiftPackageReference "firebase-ios-sdk" */;
			productName = FirebaseMessaging;
		};
		04B9EA2F2A1A956F002A7EC4 /* FirebaseStorage */ = {
			isa = XCSwiftPackageProductDependency;
			package = 04B9EA122A1A956F002A7EC4 /* XCRemoteSwiftPackageReference "firebase-ios-sdk" */;
			productName = FirebaseStorage;
		};
		04B9EA312A1A956F002A7EC4 /* FirebaseStorageCombine-Community */ = {
			isa = XCSwiftPackageProductDependency;
			package = 04B9EA122A1A956F002A7EC4 /* XCRemoteSwiftPackageReference "firebase-ios-sdk" */;
			productName = "FirebaseStorageCombine-Community";
		};
/* End XCSwiftPackageProductDependency section */
	};
	rootObject = 048E16482A176A520008CF2A /* Project object */;
}
