// !$*UTF8*$!
{
	archiveVersion = 1;
	classes = {
	};
	objectVersion = 56;
	objects = {

/* Begin PBXBuildFile section */
		0408F5E22A30AC8800D7FF52 /* UserInfoCollectionViewCell.swift in Sources */ = {isa = PBXBuildFile; fileRef = 0408F5E12A30AC8800D7FF52 /* UserInfoCollectionViewCell.swift */; };
		040DB2C12A1B8D44003E02A4 /* CameraViewController.swift in Sources */ = {isa = PBXBuildFile; fileRef = 040DB2C02A1B8D44003E02A4 /* CameraViewController.swift */; };
		040DB3092A1C8B82003E02A4 /* CameraViewController+Extension.swift in Sources */ = {isa = PBXBuildFile; fileRef = 040DB3082A1C8B82003E02A4 /* CameraViewController+Extension.swift */; };
		040DB30B2A1C99C2003E02A4 /* ScannerViewController.swift in Sources */ = {isa = PBXBuildFile; fileRef = 040DB30A2A1C99C1003E02A4 /* ScannerViewController.swift */; };
		040DB3182A1CCEC9003E02A4 /* UIImage+Extension.swift in Sources */ = {isa = PBXBuildFile; fileRef = 040DB3172A1CCEC9003E02A4 /* UIImage+Extension.swift */; };
		040DB31A2A1CD8A3003E02A4 /* BarHeinModel.mlmodel in Sources */ = {isa = PBXBuildFile; fileRef = 040DB3192A1CD8A3003E02A4 /* BarHeinModel.mlmodel */; };
		0414D3642A323D01007BB817 /* FavoriteCocktailsViewController.swift in Sources */ = {isa = PBXBuildFile; fileRef = 0414D3632A323D01007BB817 /* FavoriteCocktailsViewController.swift */; };
		0414D3662A323F93007BB817 /* FavoriteBarTableViewCell.swift in Sources */ = {isa = PBXBuildFile; fileRef = 0414D3652A323F93007BB817 /* FavoriteBarTableViewCell.swift */; };
		0414D3682A324336007BB817 /* FavoriteCocktailTableViewCell.swift in Sources */ = {isa = PBXBuildFile; fileRef = 0414D3672A324336007BB817 /* FavoriteCocktailTableViewCell.swift */; };
		0414D36A2A333F8C007BB817 /* PlacesResponse.swift in Sources */ = {isa = PBXBuildFile; fileRef = 0414D3692A333F8C007BB817 /* PlacesResponse.swift */; };
		0419034D2A1DB59B009BD42A /* ScanHistoryViewController.swift in Sources */ = {isa = PBXBuildFile; fileRef = 0419034C2A1DB59B009BD42A /* ScanHistoryViewController.swift */; };
		0419034F2A1DB5FF009BD42A /* ScanHistoryTableViewCell.swift in Sources */ = {isa = PBXBuildFile; fileRef = 0419034E2A1DB5FF009BD42A /* ScanHistoryTableViewCell.swift */; };
		044362AC2A28AD56007C89F6 /* UIColor+Extension.swift in Sources */ = {isa = PBXBuildFile; fileRef = 044362AB2A28AD56007C89F6 /* UIColor+Extension.swift */; };
		0450E77B2A2F72FB00B3EFF8 /* fill drink.json in Resources */ = {isa = PBXBuildFile; fileRef = 0450E77A2A2F72FB00B3EFF8 /* fill drink.json */; };
		0475FF432A1E46FC00DBA6E0 /* PostsViewController.swift in Sources */ = {isa = PBXBuildFile; fileRef = 0475FF422A1E46FC00DBA6E0 /* PostsViewController.swift */; };
		047AF2A82A1DEB2B00FB9ADD /* ScanHistory.swift in Sources */ = {isa = PBXBuildFile; fileRef = 047AF2A72A1DEB2B00FB9ADD /* ScanHistory.swift */; };
		047E42522A2F8A88008D4E5A /* beer filling.json in Resources */ = {isa = PBXBuildFile; fileRef = 047E42512A2F8A88008D4E5A /* beer filling.json */; };
		047E42562A2F8F8A008D4E5A /* pouring.mp3 in Resources */ = {isa = PBXBuildFile; fileRef = 047E42552A2F8F8A008D4E5A /* pouring.mp3 */; };
		0480D8FB2A27B89D00FB440F /* FirebaseAuth in Frameworks */ = {isa = PBXBuildFile; productRef = 0480D8FA2A27B89D00FB440F /* FirebaseAuth */; };
		0480D8FD2A27B89D00FB440F /* FirebaseFirestore in Frameworks */ = {isa = PBXBuildFile; productRef = 0480D8FC2A27B89D00FB440F /* FirebaseFirestore */; };
		0480D8FF2A27B89D00FB440F /* FirebaseFirestoreCombine-Community in Frameworks */ = {isa = PBXBuildFile; productRef = 0480D8FE2A27B89D00FB440F /* FirebaseFirestoreCombine-Community */; };
		0480D9012A27B89D00FB440F /* FirebaseFirestoreSwift in Frameworks */ = {isa = PBXBuildFile; productRef = 0480D9002A27B89D00FB440F /* FirebaseFirestoreSwift */; };
		0480D9032A27B89D00FB440F /* FirebaseMLModelDownloader in Frameworks */ = {isa = PBXBuildFile; productRef = 0480D9022A27B89D00FB440F /* FirebaseMLModelDownloader */; };
		0480D9052A27B89D00FB440F /* FirebaseStorage in Frameworks */ = {isa = PBXBuildFile; productRef = 0480D9042A27B89D00FB440F /* FirebaseStorage */; };
		0480D9072A27B89D00FB440F /* FirebaseStorageCombine-Community in Frameworks */ = {isa = PBXBuildFile; productRef = 0480D9062A27B89D00FB440F /* FirebaseStorageCombine-Community */; };
		048C8A382A2CF45D001F001E /* DescrtiptionTableViewCell.swift in Sources */ = {isa = PBXBuildFile; fileRef = 048C8A362A2CF45D001F001E /* DescrtiptionTableViewCell.swift */; };
		048C8A392A2CF45D001F001E /* DescrtiptionTableViewCell.xib in Resources */ = {isa = PBXBuildFile; fileRef = 048C8A372A2CF45D001F001E /* DescrtiptionTableViewCell.xib */; };
		048C8A3B2A2D0122001F001E /* CocktailResultsViewController.swift in Sources */ = {isa = PBXBuildFile; fileRef = 048C8A3A2A2D0122001F001E /* CocktailResultsViewController.swift */; };
		048E16542A176A520008CF2A /* AppDelegate.swift in Sources */ = {isa = PBXBuildFile; fileRef = 048E16532A176A520008CF2A /* AppDelegate.swift */; };
		048E16562A176A520008CF2A /* SceneDelegate.swift in Sources */ = {isa = PBXBuildFile; fileRef = 048E16552A176A520008CF2A /* SceneDelegate.swift */; };
		048E16582A176A520008CF2A /* BarMapViewController.swift in Sources */ = {isa = PBXBuildFile; fileRef = 048E16572A176A520008CF2A /* BarMapViewController.swift */; };
		048E165B2A176A520008CF2A /* Main.storyboard in Resources */ = {isa = PBXBuildFile; fileRef = 048E16592A176A520008CF2A /* Main.storyboard */; };
		048E165D2A176A540008CF2A /* Assets.xcassets in Resources */ = {isa = PBXBuildFile; fileRef = 048E165C2A176A540008CF2A /* Assets.xcassets */; };
		048E16602A176A540008CF2A /* LaunchScreen.storyboard in Resources */ = {isa = PBXBuildFile; fileRef = 048E165E2A176A540008CF2A /* LaunchScreen.storyboard */; };
		04946E6F2A248C0600DCD2A4 /* BarCardCollectionViewCell.swift in Sources */ = {isa = PBXBuildFile; fileRef = 04946E6E2A248C0600DCD2A4 /* BarCardCollectionViewCell.swift */; };
		04946E732A2616C400DCD2A4 /* FavoriteBarsViewController.swift in Sources */ = {isa = PBXBuildFile; fileRef = 04946E722A2616C400DCD2A4 /* FavoriteBarsViewController.swift */; };
		04946E762A262EB400DCD2A4 /* Lottie in Frameworks */ = {isa = PBXBuildFile; productRef = 04946E752A262EB400DCD2A4 /* Lottie */; };
		04946E782A273CBE00DCD2A4 /* CommentsViewController.swift in Sources */ = {isa = PBXBuildFile; fileRef = 04946E772A273CBE00DCD2A4 /* CommentsViewController.swift */; };
		04946E7A2A2751C700DCD2A4 /* CommentTableViewCell.swift in Sources */ = {isa = PBXBuildFile; fileRef = 04946E792A2751C700DCD2A4 /* CommentTableViewCell.swift */; };
		04946E7C2A2757F400DCD2A4 /* CaptionTableViewCell.swift in Sources */ = {isa = PBXBuildFile; fileRef = 04946E7B2A2757F400DCD2A4 /* CaptionTableViewCell.swift */; };
		04946E7E2A27829100DCD2A4 /* FirebaseManager.swift in Sources */ = {isa = PBXBuildFile; fileRef = 04946E7D2A27829100DCD2A4 /* FirebaseManager.swift */; };
		04946E802A27850F00DCD2A4 /* Post.swift in Sources */ = {isa = PBXBuildFile; fileRef = 04946E7F2A27850F00DCD2A4 /* Post.swift */; };
		04AE141E2A2EE20B00CA4FCD /* User.swift in Sources */ = {isa = PBXBuildFile; fileRef = 04AE141D2A2EE20B00CA4FCD /* User.swift */; };
		04AE14212A2F177F00CA4FCD /* ProfileViewController.swift in Sources */ = {isa = PBXBuildFile; fileRef = 04AE14202A2F177F00CA4FCD /* ProfileViewController.swift */; };
		04AE14232A2F207900CA4FCD /* KeychainManager.swift in Sources */ = {isa = PBXBuildFile; fileRef = 04AE14222A2F207900CA4FCD /* KeychainManager.swift */; };
		04AE47942A3072D7003F5891 /* PostImageCollectionViewCell.swift in Sources */ = {isa = PBXBuildFile; fileRef = 04AE47932A3072D7003F5891 /* PostImageCollectionViewCell.swift */; };
		04B9EA092A1A81BA002A7EC4 /* GooglePlacesManager.swift in Sources */ = {isa = PBXBuildFile; fileRef = 04B9EA082A1A81BA002A7EC4 /* GooglePlacesManager.swift */; };
		04B9EA0B2A1A8235002A7EC4 /* ApiKeys.swift in Sources */ = {isa = PBXBuildFile; fileRef = 04B9EA0A2A1A8235002A7EC4 /* ApiKeys.swift */; };
		04B9EA0F2A1A8382002A7EC4 /* BarResultsViewController.swift in Sources */ = {isa = PBXBuildFile; fileRef = 04B9EA0E2A1A8382002A7EC4 /* BarResultsViewController.swift */; };
		04D2C1C72A1F4441001212A7 /* CocktailManager.swift in Sources */ = {isa = PBXBuildFile; fileRef = 04D2C1C62A1F4441001212A7 /* CocktailManager.swift */; };
		04D2C1CE2A1F64C8001212A7 /* PostCollectionViewCell.swift in Sources */ = {isa = PBXBuildFile; fileRef = 04D2C1CD2A1F64C8001212A7 /* PostCollectionViewCell.swift */; };
		04D2C1D22A207444001212A7 /* Date+Extension.swift in Sources */ = {isa = PBXBuildFile; fileRef = 04D2C1D12A207444001212A7 /* Date+Extension.swift */; };
		04D2C1D42A20BFC0001212A7 /* RecipesViewController.swift in Sources */ = {isa = PBXBuildFile; fileRef = 04D2C1D32A20BFC0001212A7 /* RecipesViewController.swift */; };
		04D2C1D62A20BFF7001212A7 /* RecipeTableViewCell.swift in Sources */ = {isa = PBXBuildFile; fileRef = 04D2C1D52A20BFF7001212A7 /* RecipeTableViewCell.swift */; };
		04D2C1D92A238A39001212A7 /* GoogleSignIn in Frameworks */ = {isa = PBXBuildFile; productRef = 04D2C1D82A238A39001212A7 /* GoogleSignIn */; };
		04D2C1DB2A238B77001212A7 /* GoogleService-Info.plist in Resources */ = {isa = PBXBuildFile; fileRef = 04D2C1DA2A238B77001212A7 /* GoogleService-Info.plist */; };
		04D2C1DD2A238C03001212A7 /* SignInViewController.swift in Sources */ = {isa = PBXBuildFile; fileRef = 04D2C1DC2A238C03001212A7 /* SignInViewController.swift */; };
		04E568B42A28C44300863D8B /* TabBarViewController.swift in Sources */ = {isa = PBXBuildFile; fileRef = 04E568B32A28C44300863D8B /* TabBarViewController.swift */; };
		04E568B72A290EB500863D8B /* beer loading.json in Resources */ = {isa = PBXBuildFile; fileRef = 04E568B62A290EB500863D8B /* beer loading.json */; };
		04E568B92A29DAB900863D8B /* EditCaptionViewController.swift in Sources */ = {isa = PBXBuildFile; fileRef = 04E568B82A29DAB900863D8B /* EditCaptionViewController.swift */; };
		04E856482A2C59240041F1DE /* DrinkDetailsViewController.swift in Sources */ = {isa = PBXBuildFile; fileRef = 04E856472A2C59240041F1DE /* DrinkDetailsViewController.swift */; };
		04E8564A2A2C5D1F0041F1DE /* DrinksResponse.swift in Sources */ = {isa = PBXBuildFile; fileRef = 04E856492A2C5D1F0041F1DE /* DrinksResponse.swift */; };
		04E8564D2A2C7F9B0041F1DE /* DetailsTableViewCell.swift in Sources */ = {isa = PBXBuildFile; fileRef = 04E8564B2A2C7F9B0041F1DE /* DetailsTableViewCell.swift */; };
		04E8564E2A2C7F9B0041F1DE /* DetailsTableViewCell.xib in Resources */ = {isa = PBXBuildFile; fileRef = 04E8564C2A2C7F9B0041F1DE /* DetailsTableViewCell.xib */; };
		04E856562A2C84090041F1DE /* ImageTableViewCell.swift in Sources */ = {isa = PBXBuildFile; fileRef = 04E856542A2C84090041F1DE /* ImageTableViewCell.swift */; };
		04E856572A2C84090041F1DE /* ImageTableViewCell.xib in Resources */ = {isa = PBXBuildFile; fileRef = 04E856552A2C84090041F1DE /* ImageTableViewCell.xib */; };
		04E856592A2C889E0041F1DE /* SectionHeaderView.swift in Sources */ = {isa = PBXBuildFile; fileRef = 04E856582A2C889E0041F1DE /* SectionHeaderView.swift */; };
		04E8565B2A2C88B30041F1DE /* SectionHeaderView.xib in Resources */ = {isa = PBXBuildFile; fileRef = 04E8565A2A2C88B30041F1DE /* SectionHeaderView.xib */; };
		F3EEB3BA26076AFD5FCEA003 /* Pods_Drinkr_.framework in Frameworks */ = {isa = PBXBuildFile; fileRef = 5BB0E2B5F3435C8674393EF8 /* Pods_Drinkr_.framework */; };
/* End PBXBuildFile section */

/* Begin PBXFileReference section */
		0408F5E12A30AC8800D7FF52 /* UserInfoCollectionViewCell.swift */ = {isa = PBXFileReference; lastKnownFileType = sourcecode.swift; path = UserInfoCollectionViewCell.swift; sourceTree = "<group>"; };
		040DB2C02A1B8D44003E02A4 /* CameraViewController.swift */ = {isa = PBXFileReference; lastKnownFileType = sourcecode.swift; path = CameraViewController.swift; sourceTree = "<group>"; };
		040DB3082A1C8B82003E02A4 /* CameraViewController+Extension.swift */ = {isa = PBXFileReference; lastKnownFileType = sourcecode.swift; path = "CameraViewController+Extension.swift"; sourceTree = "<group>"; };
		040DB30A2A1C99C1003E02A4 /* ScannerViewController.swift */ = {isa = PBXFileReference; lastKnownFileType = sourcecode.swift; path = ScannerViewController.swift; sourceTree = "<group>"; };
		040DB3172A1CCEC9003E02A4 /* UIImage+Extension.swift */ = {isa = PBXFileReference; lastKnownFileType = sourcecode.swift; path = "UIImage+Extension.swift"; sourceTree = "<group>"; };
		040DB3192A1CD8A3003E02A4 /* BarHeinModel.mlmodel */ = {isa = PBXFileReference; lastKnownFileType = file.mlmodel; path = BarHeinModel.mlmodel; sourceTree = "<group>"; };
		0414D3632A323D01007BB817 /* FavoriteCocktailsViewController.swift */ = {isa = PBXFileReference; lastKnownFileType = sourcecode.swift; path = FavoriteCocktailsViewController.swift; sourceTree = "<group>"; };
		0414D3652A323F93007BB817 /* FavoriteBarTableViewCell.swift */ = {isa = PBXFileReference; lastKnownFileType = sourcecode.swift; path = FavoriteBarTableViewCell.swift; sourceTree = "<group>"; };
		0414D3672A324336007BB817 /* FavoriteCocktailTableViewCell.swift */ = {isa = PBXFileReference; lastKnownFileType = sourcecode.swift; path = FavoriteCocktailTableViewCell.swift; sourceTree = "<group>"; };
		0414D3692A333F8C007BB817 /* PlacesResponse.swift */ = {isa = PBXFileReference; lastKnownFileType = sourcecode.swift; path = PlacesResponse.swift; sourceTree = "<group>"; };
		0419034C2A1DB59B009BD42A /* ScanHistoryViewController.swift */ = {isa = PBXFileReference; lastKnownFileType = sourcecode.swift; name = ScanHistoryViewController.swift; path = "Drinkr!/Controllers/Scanner/ScanHistoryViewController.swift"; sourceTree = SOURCE_ROOT; };
		0419034E2A1DB5FF009BD42A /* ScanHistoryTableViewCell.swift */ = {isa = PBXFileReference; lastKnownFileType = sourcecode.swift; name = ScanHistoryTableViewCell.swift; path = "Drinkr!/Views/ScanHistoryTableViewCell.swift"; sourceTree = SOURCE_ROOT; };
		0429F2D82A2E18FF00F255CF /* Drinkr!.entitlements */ = {isa = PBXFileReference; lastKnownFileType = text.plist.entitlements; path = "Drinkr!.entitlements"; sourceTree = "<group>"; };
		044362AB2A28AD56007C89F6 /* UIColor+Extension.swift */ = {isa = PBXFileReference; lastKnownFileType = sourcecode.swift; path = "UIColor+Extension.swift"; sourceTree = "<group>"; };
		0450E77A2A2F72FB00B3EFF8 /* fill drink.json */ = {isa = PBXFileReference; fileEncoding = 4; lastKnownFileType = text.json; path = "fill drink.json"; sourceTree = "<group>"; };
		0475FF422A1E46FC00DBA6E0 /* PostsViewController.swift */ = {isa = PBXFileReference; lastKnownFileType = sourcecode.swift; path = PostsViewController.swift; sourceTree = "<group>"; };
		047AF2A72A1DEB2B00FB9ADD /* ScanHistory.swift */ = {isa = PBXFileReference; lastKnownFileType = sourcecode.swift; path = ScanHistory.swift; sourceTree = "<group>"; };
		047E42512A2F8A88008D4E5A /* beer filling.json */ = {isa = PBXFileReference; fileEncoding = 4; lastKnownFileType = text.json; path = "beer filling.json"; sourceTree = "<group>"; };
		047E42552A2F8F8A008D4E5A /* pouring.mp3 */ = {isa = PBXFileReference; lastKnownFileType = audio.mp3; path = pouring.mp3; sourceTree = "<group>"; };
		048C8A362A2CF45D001F001E /* DescrtiptionTableViewCell.swift */ = {isa = PBXFileReference; lastKnownFileType = sourcecode.swift; path = DescrtiptionTableViewCell.swift; sourceTree = "<group>"; };
		048C8A372A2CF45D001F001E /* DescrtiptionTableViewCell.xib */ = {isa = PBXFileReference; lastKnownFileType = file.xib; path = DescrtiptionTableViewCell.xib; sourceTree = "<group>"; };
		048C8A3A2A2D0122001F001E /* CocktailResultsViewController.swift */ = {isa = PBXFileReference; lastKnownFileType = sourcecode.swift; path = CocktailResultsViewController.swift; sourceTree = "<group>"; };
		048E16502A176A520008CF2A /* Drinkr!.app */ = {isa = PBXFileReference; explicitFileType = wrapper.application; includeInIndex = 0; path = "Drinkr!.app"; sourceTree = BUILT_PRODUCTS_DIR; };
		048E16532A176A520008CF2A /* AppDelegate.swift */ = {isa = PBXFileReference; lastKnownFileType = sourcecode.swift; path = AppDelegate.swift; sourceTree = "<group>"; };
		048E16552A176A520008CF2A /* SceneDelegate.swift */ = {isa = PBXFileReference; lastKnownFileType = sourcecode.swift; path = SceneDelegate.swift; sourceTree = "<group>"; };
		048E16572A176A520008CF2A /* BarMapViewController.swift */ = {isa = PBXFileReference; lastKnownFileType = sourcecode.swift; path = BarMapViewController.swift; sourceTree = "<group>"; };
		048E165A2A176A520008CF2A /* Base */ = {isa = PBXFileReference; lastKnownFileType = file.storyboard; name = Base; path = Base.lproj/Main.storyboard; sourceTree = "<group>"; };
		048E165C2A176A540008CF2A /* Assets.xcassets */ = {isa = PBXFileReference; lastKnownFileType = folder.assetcatalog; path = Assets.xcassets; sourceTree = "<group>"; };
		048E165F2A176A540008CF2A /* Base */ = {isa = PBXFileReference; lastKnownFileType = file.storyboard; name = Base; path = Base.lproj/LaunchScreen.storyboard; sourceTree = "<group>"; };
		048E16612A176A540008CF2A /* Info.plist */ = {isa = PBXFileReference; lastKnownFileType = text.plist.xml; path = Info.plist; sourceTree = "<group>"; };
		04946E6E2A248C0600DCD2A4 /* BarCardCollectionViewCell.swift */ = {isa = PBXFileReference; lastKnownFileType = sourcecode.swift; path = BarCardCollectionViewCell.swift; sourceTree = "<group>"; };
		04946E722A2616C400DCD2A4 /* FavoriteBarsViewController.swift */ = {isa = PBXFileReference; lastKnownFileType = sourcecode.swift; path = FavoriteBarsViewController.swift; sourceTree = "<group>"; };
		04946E772A273CBE00DCD2A4 /* CommentsViewController.swift */ = {isa = PBXFileReference; lastKnownFileType = sourcecode.swift; path = CommentsViewController.swift; sourceTree = "<group>"; };
		04946E792A2751C700DCD2A4 /* CommentTableViewCell.swift */ = {isa = PBXFileReference; lastKnownFileType = sourcecode.swift; path = CommentTableViewCell.swift; sourceTree = "<group>"; };
		04946E7B2A2757F400DCD2A4 /* CaptionTableViewCell.swift */ = {isa = PBXFileReference; lastKnownFileType = sourcecode.swift; path = CaptionTableViewCell.swift; sourceTree = "<group>"; };
		04946E7D2A27829100DCD2A4 /* FirebaseManager.swift */ = {isa = PBXFileReference; lastKnownFileType = sourcecode.swift; path = FirebaseManager.swift; sourceTree = "<group>"; };
		04946E7F2A27850F00DCD2A4 /* Post.swift */ = {isa = PBXFileReference; lastKnownFileType = sourcecode.swift; path = Post.swift; sourceTree = "<group>"; };
		04AE141D2A2EE20B00CA4FCD /* User.swift */ = {isa = PBXFileReference; lastKnownFileType = sourcecode.swift; path = User.swift; sourceTree = "<group>"; };
		04AE14202A2F177F00CA4FCD /* ProfileViewController.swift */ = {isa = PBXFileReference; lastKnownFileType = sourcecode.swift; path = ProfileViewController.swift; sourceTree = "<group>"; };
		04AE14222A2F207900CA4FCD /* KeychainManager.swift */ = {isa = PBXFileReference; lastKnownFileType = sourcecode.swift; path = KeychainManager.swift; sourceTree = "<group>"; };
		04AE47932A3072D7003F5891 /* PostImageCollectionViewCell.swift */ = {isa = PBXFileReference; lastKnownFileType = sourcecode.swift; path = PostImageCollectionViewCell.swift; sourceTree = "<group>"; };
		04B9EA082A1A81BA002A7EC4 /* GooglePlacesManager.swift */ = {isa = PBXFileReference; fileEncoding = 4; lastKnownFileType = sourcecode.swift; path = GooglePlacesManager.swift; sourceTree = "<group>"; };
		04B9EA0A2A1A8235002A7EC4 /* ApiKeys.swift */ = {isa = PBXFileReference; fileEncoding = 4; lastKnownFileType = sourcecode.swift; path = ApiKeys.swift; sourceTree = "<group>"; };
		04B9EA0E2A1A8382002A7EC4 /* BarResultsViewController.swift */ = {isa = PBXFileReference; fileEncoding = 4; lastKnownFileType = sourcecode.swift; path = BarResultsViewController.swift; sourceTree = "<group>"; };
		04D2C1C62A1F4441001212A7 /* CocktailManager.swift */ = {isa = PBXFileReference; lastKnownFileType = sourcecode.swift; path = CocktailManager.swift; sourceTree = "<group>"; };
		04D2C1CD2A1F64C8001212A7 /* PostCollectionViewCell.swift */ = {isa = PBXFileReference; lastKnownFileType = sourcecode.swift; path = PostCollectionViewCell.swift; sourceTree = "<group>"; };
		04D2C1D12A207444001212A7 /* Date+Extension.swift */ = {isa = PBXFileReference; lastKnownFileType = sourcecode.swift; path = "Date+Extension.swift"; sourceTree = "<group>"; };
		04D2C1D32A20BFC0001212A7 /* RecipesViewController.swift */ = {isa = PBXFileReference; lastKnownFileType = sourcecode.swift; path = RecipesViewController.swift; sourceTree = "<group>"; };
		04D2C1D52A20BFF7001212A7 /* RecipeTableViewCell.swift */ = {isa = PBXFileReference; lastKnownFileType = sourcecode.swift; path = RecipeTableViewCell.swift; sourceTree = "<group>"; };
		04D2C1DA2A238B77001212A7 /* GoogleService-Info.plist */ = {isa = PBXFileReference; fileEncoding = 4; lastKnownFileType = text.plist.xml; path = "GoogleService-Info.plist"; sourceTree = "<group>"; };
		04D2C1DC2A238C03001212A7 /* SignInViewController.swift */ = {isa = PBXFileReference; lastKnownFileType = sourcecode.swift; path = SignInViewController.swift; sourceTree = "<group>"; };
		04E568B32A28C44300863D8B /* TabBarViewController.swift */ = {isa = PBXFileReference; lastKnownFileType = sourcecode.swift; path = TabBarViewController.swift; sourceTree = "<group>"; };
		04E568B62A290EB500863D8B /* beer loading.json */ = {isa = PBXFileReference; fileEncoding = 4; lastKnownFileType = text.json; path = "beer loading.json"; sourceTree = "<group>"; };
		04E568B82A29DAB900863D8B /* EditCaptionViewController.swift */ = {isa = PBXFileReference; lastKnownFileType = sourcecode.swift; path = EditCaptionViewController.swift; sourceTree = "<group>"; };
		04E856472A2C59240041F1DE /* DrinkDetailsViewController.swift */ = {isa = PBXFileReference; lastKnownFileType = sourcecode.swift; path = DrinkDetailsViewController.swift; sourceTree = "<group>"; };
		04E856492A2C5D1F0041F1DE /* DrinksResponse.swift */ = {isa = PBXFileReference; lastKnownFileType = sourcecode.swift; path = DrinksResponse.swift; sourceTree = "<group>"; };
		04E8564B2A2C7F9B0041F1DE /* DetailsTableViewCell.swift */ = {isa = PBXFileReference; lastKnownFileType = sourcecode.swift; path = DetailsTableViewCell.swift; sourceTree = "<group>"; };
		04E8564C2A2C7F9B0041F1DE /* DetailsTableViewCell.xib */ = {isa = PBXFileReference; lastKnownFileType = file.xib; path = DetailsTableViewCell.xib; sourceTree = "<group>"; };
		04E856542A2C84090041F1DE /* ImageTableViewCell.swift */ = {isa = PBXFileReference; lastKnownFileType = sourcecode.swift; path = ImageTableViewCell.swift; sourceTree = "<group>"; };
		04E856552A2C84090041F1DE /* ImageTableViewCell.xib */ = {isa = PBXFileReference; lastKnownFileType = file.xib; path = ImageTableViewCell.xib; sourceTree = "<group>"; };
		04E856582A2C889E0041F1DE /* SectionHeaderView.swift */ = {isa = PBXFileReference; lastKnownFileType = sourcecode.swift; path = SectionHeaderView.swift; sourceTree = "<group>"; };
		04E8565A2A2C88B30041F1DE /* SectionHeaderView.xib */ = {isa = PBXFileReference; lastKnownFileType = file.xib; path = SectionHeaderView.xib; sourceTree = "<group>"; };
		5BB0E2B5F3435C8674393EF8 /* Pods_Drinkr_.framework */ = {isa = PBXFileReference; explicitFileType = wrapper.framework; includeInIndex = 0; path = Pods_Drinkr_.framework; sourceTree = BUILT_PRODUCTS_DIR; };
		AE559A43A4F2DBB9910367AB /* Pods-Drinkr!.release.xcconfig */ = {isa = PBXFileReference; includeInIndex = 1; lastKnownFileType = text.xcconfig; name = "Pods-Drinkr!.release.xcconfig"; path = "Target Support Files/Pods-Drinkr!/Pods-Drinkr!.release.xcconfig"; sourceTree = "<group>"; };
		C0B0CC910109A565297FE5AE /* Pods-Drinkr!.debug.xcconfig */ = {isa = PBXFileReference; includeInIndex = 1; lastKnownFileType = text.xcconfig; name = "Pods-Drinkr!.debug.xcconfig"; path = "Target Support Files/Pods-Drinkr!/Pods-Drinkr!.debug.xcconfig"; sourceTree = "<group>"; };
/* End PBXFileReference section */

/* Begin PBXFrameworksBuildPhase section */
		048E164D2A176A520008CF2A /* Frameworks */ = {
			isa = PBXFrameworksBuildPhase;
			buildActionMask = 2147483647;
			files = (
				04946E762A262EB400DCD2A4 /* Lottie in Frameworks */,
				F3EEB3BA26076AFD5FCEA003 /* Pods_Drinkr_.framework in Frameworks */,
				0480D9072A27B89D00FB440F /* FirebaseStorageCombine-Community in Frameworks */,
				0480D9052A27B89D00FB440F /* FirebaseStorage in Frameworks */,
				04D2C1D92A238A39001212A7 /* GoogleSignIn in Frameworks */,
				0480D9032A27B89D00FB440F /* FirebaseMLModelDownloader in Frameworks */,
				0480D9012A27B89D00FB440F /* FirebaseFirestoreSwift in Frameworks */,
				0480D8FF2A27B89D00FB440F /* FirebaseFirestoreCombine-Community in Frameworks */,
				0480D8FD2A27B89D00FB440F /* FirebaseFirestore in Frameworks */,
				0480D8FB2A27B89D00FB440F /* FirebaseAuth in Frameworks */,
			);
			runOnlyForDeploymentPostprocessing = 0;
		};
/* End PBXFrameworksBuildPhase section */

/* Begin PBXGroup section */
		040DB31B2A1CD8EE003E02A4 /* Resource */ = {
			isa = PBXGroup;
			children = (
				04B9EA0A2A1A8235002A7EC4 /* ApiKeys.swift */,
				048E16532A176A520008CF2A /* AppDelegate.swift */,
				048E16552A176A520008CF2A /* SceneDelegate.swift */,
				04B9EA082A1A81BA002A7EC4 /* GooglePlacesManager.swift */,
				04D2C1C62A1F4441001212A7 /* CocktailManager.swift */,
				04946E7D2A27829100DCD2A4 /* FirebaseManager.swift */,
				04AE14222A2F207900CA4FCD /* KeychainManager.swift */,
			);
			path = Resource;
			sourceTree = "<group>";
		};
		0414D3622A323A2E007BB817 /* Posts */ = {
			isa = PBXGroup;
			children = (
				04D2C1CD2A1F64C8001212A7 /* PostCollectionViewCell.swift */,
				04946E7B2A2757F400DCD2A4 /* CaptionTableViewCell.swift */,
				04946E792A2751C700DCD2A4 /* CommentTableViewCell.swift */,
			);
			path = Posts;
			sourceTree = "<group>";
		};
		0419034B2A1DB547009BD42A /* Views */ = {
			isa = PBXGroup;
			children = (
				04946E6E2A248C0600DCD2A4 /* BarCardCollectionViewCell.swift */,
				0414D3652A323F93007BB817 /* FavoriteBarTableViewCell.swift */,
				0414D3622A323A2E007BB817 /* Posts */,
				0419034E2A1DB5FF009BD42A /* ScanHistoryTableViewCell.swift */,
				04E856532A2C838E0041F1DE /* Cocktails */,
				04AE47932A3072D7003F5891 /* PostImageCollectionViewCell.swift */,
				0408F5E12A30AC8800D7FF52 /* UserInfoCollectionViewCell.swift */,
				0414D3672A324336007BB817 /* FavoriteCocktailTableViewCell.swift */,
			);
			path = Views;
			sourceTree = "<group>";
		};
		048E16472A176A520008CF2A = {
			isa = PBXGroup;
			children = (
				048E16522A176A520008CF2A /* Drinkr! */,
				048E16512A176A520008CF2A /* Products */,
				6B09F3D11902C8C6B05A2164 /* Pods */,
				6887EAF4B283BDF906F2ECA3 /* Frameworks */,
			);
			sourceTree = "<group>";
		};
		048E16512A176A520008CF2A /* Products */ = {
			isa = PBXGroup;
			children = (
				048E16502A176A520008CF2A /* Drinkr!.app */,
			);
			name = Products;
			sourceTree = "<group>";
		};
		048E16522A176A520008CF2A /* Drinkr! */ = {
			isa = PBXGroup;
			children = (
				0429F2D82A2E18FF00F255CF /* Drinkr!.entitlements */,
				04E568B52A290E9500863D8B /* Animations */,
				04D2C1CA2A1F5490001212A7 /* Extensions */,
				040DB31B2A1CD8EE003E02A4 /* Resource */,
				048E166B2A1773C30008CF2A /* Models */,
				048E166D2A1773D90008CF2A /* Controllers */,
				0419034B2A1DB547009BD42A /* Views */,
				048E166E2A1774170008CF2A /* Storyboards */,
				048E165C2A176A540008CF2A /* Assets.xcassets */,
				048E16612A176A540008CF2A /* Info.plist */,
				04D2C1DA2A238B77001212A7 /* GoogleService-Info.plist */,
			);
			path = "Drinkr!";
			sourceTree = "<group>";
		};
		048E166B2A1773C30008CF2A /* Models */ = {
			isa = PBXGroup;
			children = (
				040DB3192A1CD8A3003E02A4 /* BarHeinModel.mlmodel */,
				0414D3692A333F8C007BB817 /* PlacesResponse.swift */,
				04E856492A2C5D1F0041F1DE /* DrinksResponse.swift */,
				04946E7F2A27850F00DCD2A4 /* Post.swift */,
				047AF2A72A1DEB2B00FB9ADD /* ScanHistory.swift */,
				04AE141D2A2EE20B00CA4FCD /* User.swift */,
			);
			path = Models;
			sourceTree = "<group>";
		};
		048E166D2A1773D90008CF2A /* Controllers */ = {
			isa = PBXGroup;
			children = (
				04E568B32A28C44300863D8B /* TabBarViewController.swift */,
				04D2C1DC2A238C03001212A7 /* SignInViewController.swift */,
				04AE14202A2F177F00CA4FCD /* ProfileViewController.swift */,
				04E568BA2A2A165500863D8B /* BarMap */,
				04E568BC2A2A168400863D8B /* Posts */,
				04E568BB2A2A166E00863D8B /* Scanner */,
				04AE141F2A2F175B00CA4FCD /* Cocktails */,
			);
			path = Controllers;
			sourceTree = "<group>";
		};
		048E166E2A1774170008CF2A /* Storyboards */ = {
			isa = PBXGroup;
			children = (
				048E16592A176A520008CF2A /* Main.storyboard */,
				048E165E2A176A540008CF2A /* LaunchScreen.storyboard */,
			);
			path = Storyboards;
			sourceTree = "<group>";
		};
		04AE141F2A2F175B00CA4FCD /* Cocktails */ = {
			isa = PBXGroup;
			children = (
				04D2C1D32A20BFC0001212A7 /* RecipesViewController.swift */,
				04E856472A2C59240041F1DE /* DrinkDetailsViewController.swift */,
				048C8A3A2A2D0122001F001E /* CocktailResultsViewController.swift */,
				0414D3632A323D01007BB817 /* FavoriteCocktailsViewController.swift */,
			);
			path = Cocktails;
			sourceTree = "<group>";
		};
		04D2C1CA2A1F5490001212A7 /* Extensions */ = {
			isa = PBXGroup;
			children = (
				040DB3172A1CCEC9003E02A4 /* UIImage+Extension.swift */,
				04D2C1D12A207444001212A7 /* Date+Extension.swift */,
				044362AB2A28AD56007C89F6 /* UIColor+Extension.swift */,
			);
			path = Extensions;
			sourceTree = "<group>";
		};
		04E568B52A290E9500863D8B /* Animations */ = {
			isa = PBXGroup;
			children = (
				047E42552A2F8F8A008D4E5A /* pouring.mp3 */,
				047E42512A2F8A88008D4E5A /* beer filling.json */,
				0450E77A2A2F72FB00B3EFF8 /* fill drink.json */,
				04E568B62A290EB500863D8B /* beer loading.json */,
			);
			path = Animations;
			sourceTree = "<group>";
		};
		04E568BA2A2A165500863D8B /* BarMap */ = {
			isa = PBXGroup;
			children = (
				048E16572A176A520008CF2A /* BarMapViewController.swift */,
				04B9EA0E2A1A8382002A7EC4 /* BarResultsViewController.swift */,
				04946E722A2616C400DCD2A4 /* FavoriteBarsViewController.swift */,
			);
			path = BarMap;
			sourceTree = "<group>";
		};
		04E568BB2A2A166E00863D8B /* Scanner */ = {
			isa = PBXGroup;
			children = (
				040DB30A2A1C99C1003E02A4 /* ScannerViewController.swift */,
				0419034C2A1DB59B009BD42A /* ScanHistoryViewController.swift */,
			);
			path = Scanner;
			sourceTree = "<group>";
		};
		04E568BC2A2A168400863D8B /* Posts */ = {
			isa = PBXGroup;
			children = (
				0475FF422A1E46FC00DBA6E0 /* PostsViewController.swift */,
				04E568B82A29DAB900863D8B /* EditCaptionViewController.swift */,
				04946E772A273CBE00DCD2A4 /* CommentsViewController.swift */,
				040DB2C02A1B8D44003E02A4 /* CameraViewController.swift */,
				040DB3082A1C8B82003E02A4 /* CameraViewController+Extension.swift */,
			);
			path = Posts;
			sourceTree = "<group>";
		};
		04E856532A2C838E0041F1DE /* Cocktails */ = {
			isa = PBXGroup;
			children = (
				04D2C1D52A20BFF7001212A7 /* RecipeTableViewCell.swift */,
				04E856542A2C84090041F1DE /* ImageTableViewCell.swift */,
				04E856552A2C84090041F1DE /* ImageTableViewCell.xib */,
				04E8564B2A2C7F9B0041F1DE /* DetailsTableViewCell.swift */,
				04E8564C2A2C7F9B0041F1DE /* DetailsTableViewCell.xib */,
				04E856582A2C889E0041F1DE /* SectionHeaderView.swift */,
				04E8565A2A2C88B30041F1DE /* SectionHeaderView.xib */,
				048C8A362A2CF45D001F001E /* DescrtiptionTableViewCell.swift */,
				048C8A372A2CF45D001F001E /* DescrtiptionTableViewCell.xib */,
			);
			path = Cocktails;
			sourceTree = "<group>";
		};
		6887EAF4B283BDF906F2ECA3 /* Frameworks */ = {
			isa = PBXGroup;
			children = (
				5BB0E2B5F3435C8674393EF8 /* Pods_Drinkr_.framework */,
			);
			name = Frameworks;
			sourceTree = "<group>";
		};
		6B09F3D11902C8C6B05A2164 /* Pods */ = {
			isa = PBXGroup;
			children = (
				C0B0CC910109A565297FE5AE /* Pods-Drinkr!.debug.xcconfig */,
				AE559A43A4F2DBB9910367AB /* Pods-Drinkr!.release.xcconfig */,
			);
			path = Pods;
			sourceTree = "<group>";
		};
/* End PBXGroup section */

/* Begin PBXNativeTarget section */
		048E164F2A176A520008CF2A /* Drinkr! */ = {
			isa = PBXNativeTarget;
			buildConfigurationList = 048E16642A176A540008CF2A /* Build configuration list for PBXNativeTarget "Drinkr!" */;
			buildPhases = (
				A1BFB4C872B1550364981664 /* [CP] Check Pods Manifest.lock */,
				048E164C2A176A520008CF2A /* Sources */,
				048E164D2A176A520008CF2A /* Frameworks */,
				048E164E2A176A520008CF2A /* Resources */,
				04B9EA332A1B391E002A7EC4 /* ShellScript */,
				833BE6496FF430908A75EEAE /* [CP] Embed Pods Frameworks */,
				386E18EDD14ED8049134439A /* [CP] Copy Pods Resources */,
			);
			buildRules = (
			);
			dependencies = (
			);
			name = "Drinkr!";
			packageProductDependencies = (
				04D2C1D82A238A39001212A7 /* GoogleSignIn */,
				04946E752A262EB400DCD2A4 /* Lottie */,
				0480D8FA2A27B89D00FB440F /* FirebaseAuth */,
				0480D8FC2A27B89D00FB440F /* FirebaseFirestore */,
				0480D8FE2A27B89D00FB440F /* FirebaseFirestoreCombine-Community */,
				0480D9002A27B89D00FB440F /* FirebaseFirestoreSwift */,
				0480D9022A27B89D00FB440F /* FirebaseMLModelDownloader */,
				0480D9042A27B89D00FB440F /* FirebaseStorage */,
				0480D9062A27B89D00FB440F /* FirebaseStorageCombine-Community */,
			);
			productName = "Drinkr!";
			productReference = 048E16502A176A520008CF2A /* Drinkr!.app */;
			productType = "com.apple.product-type.application";
		};
/* End PBXNativeTarget section */

/* Begin PBXProject section */
		048E16482A176A520008CF2A /* Project object */ = {
			isa = PBXProject;
			attributes = {
				BuildIndependentTargetsInParallel = 1;
				LastSwiftUpdateCheck = 1430;
				LastUpgradeCheck = 1430;
				TargetAttributes = {
					048E164F2A176A520008CF2A = {
						CreatedOnToolsVersion = 14.3;
					};
				};
			};
			buildConfigurationList = 048E164B2A176A520008CF2A /* Build configuration list for PBXProject "Drinkr!" */;
			compatibilityVersion = "Xcode 14.0";
			developmentRegion = en;
			hasScannedForEncodings = 0;
			knownRegions = (
				en,
				Base,
			);
			mainGroup = 048E16472A176A520008CF2A;
			packageReferences = (
				04D2C1D72A238A39001212A7 /* XCRemoteSwiftPackageReference "GoogleSignIn-iOS" */,
				04946E742A262EB400DCD2A4 /* XCRemoteSwiftPackageReference "lottie-ios" */,
				0480D8F92A27B89D00FB440F /* XCRemoteSwiftPackageReference "firebase-ios-sdk" */,
			);
			productRefGroup = 048E16512A176A520008CF2A /* Products */;
			projectDirPath = "";
			projectRoot = "";
			targets = (
				048E164F2A176A520008CF2A /* Drinkr! */,
			);
		};
/* End PBXProject section */

/* Begin PBXResourcesBuildPhase section */
		048E164E2A176A520008CF2A /* Resources */ = {
			isa = PBXResourcesBuildPhase;
			buildActionMask = 2147483647;
			files = (
				048E16602A176A540008CF2A /* LaunchScreen.storyboard in Resources */,
				047E42522A2F8A88008D4E5A /* beer filling.json in Resources */,
				04D2C1DB2A238B77001212A7 /* GoogleService-Info.plist in Resources */,
				04E8564E2A2C7F9B0041F1DE /* DetailsTableViewCell.xib in Resources */,
				04E568B72A290EB500863D8B /* beer loading.json in Resources */,
				048E165D2A176A540008CF2A /* Assets.xcassets in Resources */,
				04E856572A2C84090041F1DE /* ImageTableViewCell.xib in Resources */,
				0450E77B2A2F72FB00B3EFF8 /* fill drink.json in Resources */,
				048E165B2A176A520008CF2A /* Main.storyboard in Resources */,
				047E42562A2F8F8A008D4E5A /* pouring.mp3 in Resources */,
				04E8565B2A2C88B30041F1DE /* SectionHeaderView.xib in Resources */,
				048C8A392A2CF45D001F001E /* DescrtiptionTableViewCell.xib in Resources */,
			);
			runOnlyForDeploymentPostprocessing = 0;
		};
/* End PBXResourcesBuildPhase section */

/* Begin PBXShellScriptBuildPhase section */
		04B9EA332A1B391E002A7EC4 /* ShellScript */ = {
			isa = PBXShellScriptBuildPhase;
			buildActionMask = 2147483647;
			files = (
			);
			inputFileListPaths = (
			);
			inputPaths = (
			);
			outputFileListPaths = (
			);
			outputPaths = (
			);
			runOnlyForDeploymentPostprocessing = 0;
			shellPath = /bin/sh;
			shellScript = "# Type a script or drag a script file from your workspace to insert its path.\n\n\"${PODS_ROOT}/SwiftLint/swiftlint\"\n";
		};
		386E18EDD14ED8049134439A /* [CP] Copy Pods Resources */ = {
			isa = PBXShellScriptBuildPhase;
			buildActionMask = 2147483647;
			files = (
			);
			inputFileListPaths = (
				"${PODS_ROOT}/Target Support Files/Pods-Drinkr!/Pods-Drinkr!-resources-${CONFIGURATION}-input-files.xcfilelist",
			);
			name = "[CP] Copy Pods Resources";
			outputFileListPaths = (
				"${PODS_ROOT}/Target Support Files/Pods-Drinkr!/Pods-Drinkr!-resources-${CONFIGURATION}-output-files.xcfilelist",
			);
			runOnlyForDeploymentPostprocessing = 0;
			shellPath = /bin/sh;
			shellScript = "\"${PODS_ROOT}/Target Support Files/Pods-Drinkr!/Pods-Drinkr!-resources.sh\"\n";
			showEnvVarsInLog = 0;
		};
		833BE6496FF430908A75EEAE /* [CP] Embed Pods Frameworks */ = {
			isa = PBXShellScriptBuildPhase;
			buildActionMask = 2147483647;
			files = (
			);
			inputFileListPaths = (
				"${PODS_ROOT}/Target Support Files/Pods-Drinkr!/Pods-Drinkr!-frameworks-${CONFIGURATION}-input-files.xcfilelist",
			);
			name = "[CP] Embed Pods Frameworks";
			outputFileListPaths = (
				"${PODS_ROOT}/Target Support Files/Pods-Drinkr!/Pods-Drinkr!-frameworks-${CONFIGURATION}-output-files.xcfilelist",
			);
			runOnlyForDeploymentPostprocessing = 0;
			shellPath = /bin/sh;
			shellScript = "\"${PODS_ROOT}/Target Support Files/Pods-Drinkr!/Pods-Drinkr!-frameworks.sh\"\n";
			showEnvVarsInLog = 0;
		};
		A1BFB4C872B1550364981664 /* [CP] Check Pods Manifest.lock */ = {
			isa = PBXShellScriptBuildPhase;
			buildActionMask = 2147483647;
			files = (
			);
			inputFileListPaths = (
			);
			inputPaths = (
				"${PODS_PODFILE_DIR_PATH}/Podfile.lock",
				"${PODS_ROOT}/Manifest.lock",
			);
			name = "[CP] Check Pods Manifest.lock";
			outputFileListPaths = (
			);
			outputPaths = (
				"$(DERIVED_FILE_DIR)/Pods-Drinkr!-checkManifestLockResult.txt",
			);
			runOnlyForDeploymentPostprocessing = 0;
			shellPath = /bin/sh;
			shellScript = "diff \"${PODS_PODFILE_DIR_PATH}/Podfile.lock\" \"${PODS_ROOT}/Manifest.lock\" > /dev/null\nif [ $? != 0 ] ; then\n    # print error to STDERR\n    echo \"error: The sandbox is not in sync with the Podfile.lock. Run 'pod install' or update your CocoaPods installation.\" >&2\n    exit 1\nfi\n# This output is used by Xcode 'outputs' to avoid re-running this script phase.\necho \"SUCCESS\" > \"${SCRIPT_OUTPUT_FILE_0}\"\n";
			showEnvVarsInLog = 0;
		};
/* End PBXShellScriptBuildPhase section */

/* Begin PBXSourcesBuildPhase section */
		048E164C2A176A520008CF2A /* Sources */ = {
			isa = PBXSourcesBuildPhase;
			buildActionMask = 2147483647;
			files = (
				0414D36A2A333F8C007BB817 /* PlacesResponse.swift in Sources */,
				04D2C1DD2A238C03001212A7 /* SignInViewController.swift in Sources */,
				04E8564D2A2C7F9B0041F1DE /* DetailsTableViewCell.swift in Sources */,
				04D2C1D22A207444001212A7 /* Date+Extension.swift in Sources */,
				04B9EA092A1A81BA002A7EC4 /* GooglePlacesManager.swift in Sources */,
				048C8A3B2A2D0122001F001E /* CocktailResultsViewController.swift in Sources */,
				04946E802A27850F00DCD2A4 /* Post.swift in Sources */,
				047AF2A82A1DEB2B00FB9ADD /* ScanHistory.swift in Sources */,
				048E16582A176A520008CF2A /* BarMapViewController.swift in Sources */,
				04E568B92A29DAB900863D8B /* EditCaptionViewController.swift in Sources */,
				048C8A382A2CF45D001F001E /* DescrtiptionTableViewCell.swift in Sources */,
				04AE47942A3072D7003F5891 /* PostImageCollectionViewCell.swift in Sources */,
				0475FF432A1E46FC00DBA6E0 /* PostsViewController.swift in Sources */,
				0414D3662A323F93007BB817 /* FavoriteBarTableViewCell.swift in Sources */,
				040DB31A2A1CD8A3003E02A4 /* BarHeinModel.mlmodel in Sources */,
				040DB3092A1C8B82003E02A4 /* CameraViewController+Extension.swift in Sources */,
				04B9EA0F2A1A8382002A7EC4 /* BarResultsViewController.swift in Sources */,
				04D2C1D62A20BFF7001212A7 /* RecipeTableViewCell.swift in Sources */,
				048E16542A176A520008CF2A /* AppDelegate.swift in Sources */,
				04E568B42A28C44300863D8B /* TabBarViewController.swift in Sources */,
				04AE14212A2F177F00CA4FCD /* ProfileViewController.swift in Sources */,
				04AE141E2A2EE20B00CA4FCD /* User.swift in Sources */,
				0419034F2A1DB5FF009BD42A /* ScanHistoryTableViewCell.swift in Sources */,
				04E8564A2A2C5D1F0041F1DE /* DrinksResponse.swift in Sources */,
				040DB3182A1CCEC9003E02A4 /* UIImage+Extension.swift in Sources */,
				04E856562A2C84090041F1DE /* ImageTableViewCell.swift in Sources */,
				04E856482A2C59240041F1DE /* DrinkDetailsViewController.swift in Sources */,
				04946E782A273CBE00DCD2A4 /* CommentsViewController.swift in Sources */,
				04946E7E2A27829100DCD2A4 /* FirebaseManager.swift in Sources */,
				040DB30B2A1C99C2003E02A4 /* ScannerViewController.swift in Sources */,
				04AE14232A2F207900CA4FCD /* KeychainManager.swift in Sources */,
				048E16562A176A520008CF2A /* SceneDelegate.swift in Sources */,
				0414D3642A323D01007BB817 /* FavoriteCocktailsViewController.swift in Sources */,
				04946E7A2A2751C700DCD2A4 /* CommentTableViewCell.swift in Sources */,
				04E856592A2C889E0041F1DE /* SectionHeaderView.swift in Sources */,
				04B9EA0B2A1A8235002A7EC4 /* ApiKeys.swift in Sources */,
				0414D3682A324336007BB817 /* FavoriteCocktailTableViewCell.swift in Sources */,
				044362AC2A28AD56007C89F6 /* UIColor+Extension.swift in Sources */,
				04D2C1CE2A1F64C8001212A7 /* PostCollectionViewCell.swift in Sources */,
				0408F5E22A30AC8800D7FF52 /* UserInfoCollectionViewCell.swift in Sources */,
				04D2C1C72A1F4441001212A7 /* CocktailManager.swift in Sources */,
				04946E7C2A2757F400DCD2A4 /* CaptionTableViewCell.swift in Sources */,
				04946E6F2A248C0600DCD2A4 /* BarCardCollectionViewCell.swift in Sources */,
				0419034D2A1DB59B009BD42A /* ScanHistoryViewController.swift in Sources */,
				04946E732A2616C400DCD2A4 /* FavoriteBarsViewController.swift in Sources */,
				04D2C1D42A20BFC0001212A7 /* RecipesViewController.swift in Sources */,
				040DB2C12A1B8D44003E02A4 /* CameraViewController.swift in Sources */,
			);
			runOnlyForDeploymentPostprocessing = 0;
		};
/* End PBXSourcesBuildPhase section */

/* Begin PBXVariantGroup section */
		048E16592A176A520008CF2A /* Main.storyboard */ = {
			isa = PBXVariantGroup;
			children = (
				048E165A2A176A520008CF2A /* Base */,
			);
			name = Main.storyboard;
			sourceTree = "<group>";
		};
		048E165E2A176A540008CF2A /* LaunchScreen.storyboard */ = {
			isa = PBXVariantGroup;
			children = (
				048E165F2A176A540008CF2A /* Base */,
			);
			name = LaunchScreen.storyboard;
			sourceTree = "<group>";
		};
/* End PBXVariantGroup section */

/* Begin XCBuildConfiguration section */
		048E16622A176A540008CF2A /* Debug */ = {
			isa = XCBuildConfiguration;
			buildSettings = {
				ALWAYS_SEARCH_USER_PATHS = NO;
				CLANG_ANALYZER_NONNULL = YES;
				CLANG_ANALYZER_NUMBER_OBJECT_CONVERSION = YES_AGGRESSIVE;
				CLANG_CXX_LANGUAGE_STANDARD = "gnu++20";
				CLANG_ENABLE_MODULES = YES;
				CLANG_ENABLE_OBJC_ARC = YES;
				CLANG_ENABLE_OBJC_WEAK = YES;
				CLANG_WARN_BLOCK_CAPTURE_AUTORELEASING = YES;
				CLANG_WARN_BOOL_CONVERSION = YES;
				CLANG_WARN_COMMA = YES;
				CLANG_WARN_CONSTANT_CONVERSION = YES;
				CLANG_WARN_DEPRECATED_OBJC_IMPLEMENTATIONS = YES;
				CLANG_WARN_DIRECT_OBJC_ISA_USAGE = YES_ERROR;
				CLANG_WARN_DOCUMENTATION_COMMENTS = YES;
				CLANG_WARN_EMPTY_BODY = YES;
				CLANG_WARN_ENUM_CONVERSION = YES;
				CLANG_WARN_INFINITE_RECURSION = YES;
				CLANG_WARN_INT_CONVERSION = YES;
				CLANG_WARN_NON_LITERAL_NULL_CONVERSION = YES;
				CLANG_WARN_OBJC_IMPLICIT_RETAIN_SELF = YES;
				CLANG_WARN_OBJC_LITERAL_CONVERSION = YES;
				CLANG_WARN_OBJC_ROOT_CLASS = YES_ERROR;
				CLANG_WARN_QUOTED_INCLUDE_IN_FRAMEWORK_HEADER = YES;
				CLANG_WARN_RANGE_LOOP_ANALYSIS = YES;
				CLANG_WARN_STRICT_PROTOTYPES = YES;
				CLANG_WARN_SUSPICIOUS_MOVE = YES;
				CLANG_WARN_UNGUARDED_AVAILABILITY = YES_AGGRESSIVE;
				CLANG_WARN_UNREACHABLE_CODE = YES;
				CLANG_WARN__DUPLICATE_METHOD_MATCH = YES;
				COPY_PHASE_STRIP = NO;
				DEBUG_INFORMATION_FORMAT = dwarf;
				ENABLE_STRICT_OBJC_MSGSEND = YES;
				ENABLE_TESTABILITY = YES;
				GCC_C_LANGUAGE_STANDARD = gnu11;
				GCC_DYNAMIC_NO_PIC = NO;
				GCC_NO_COMMON_BLOCKS = YES;
				GCC_OPTIMIZATION_LEVEL = 0;
				GCC_PREPROCESSOR_DEFINITIONS = (
					"DEBUG=1",
					"$(inherited)",
				);
				GCC_WARN_64_TO_32_BIT_CONVERSION = YES;
				GCC_WARN_ABOUT_RETURN_TYPE = YES_ERROR;
				GCC_WARN_UNDECLARED_SELECTOR = YES;
				GCC_WARN_UNINITIALIZED_AUTOS = YES_AGGRESSIVE;
				GCC_WARN_UNUSED_FUNCTION = YES;
				GCC_WARN_UNUSED_VARIABLE = YES;
				IPHONEOS_DEPLOYMENT_TARGET = 15.0;
				MTL_ENABLE_DEBUG_INFO = INCLUDE_SOURCE;
				MTL_FAST_MATH = YES;
				ONLY_ACTIVE_ARCH = YES;
				SDKROOT = iphoneos;
				SWIFT_ACTIVE_COMPILATION_CONDITIONS = DEBUG;
				SWIFT_OPTIMIZATION_LEVEL = "-Onone";
			};
			name = Debug;
		};
		048E16632A176A540008CF2A /* Release */ = {
			isa = XCBuildConfiguration;
			buildSettings = {
				ALWAYS_SEARCH_USER_PATHS = NO;
				CLANG_ANALYZER_NONNULL = YES;
				CLANG_ANALYZER_NUMBER_OBJECT_CONVERSION = YES_AGGRESSIVE;
				CLANG_CXX_LANGUAGE_STANDARD = "gnu++20";
				CLANG_ENABLE_MODULES = YES;
				CLANG_ENABLE_OBJC_ARC = YES;
				CLANG_ENABLE_OBJC_WEAK = YES;
				CLANG_WARN_BLOCK_CAPTURE_AUTORELEASING = YES;
				CLANG_WARN_BOOL_CONVERSION = YES;
				CLANG_WARN_COMMA = YES;
				CLANG_WARN_CONSTANT_CONVERSION = YES;
				CLANG_WARN_DEPRECATED_OBJC_IMPLEMENTATIONS = YES;
				CLANG_WARN_DIRECT_OBJC_ISA_USAGE = YES_ERROR;
				CLANG_WARN_DOCUMENTATION_COMMENTS = YES;
				CLANG_WARN_EMPTY_BODY = YES;
				CLANG_WARN_ENUM_CONVERSION = YES;
				CLANG_WARN_INFINITE_RECURSION = YES;
				CLANG_WARN_INT_CONVERSION = YES;
				CLANG_WARN_NON_LITERAL_NULL_CONVERSION = YES;
				CLANG_WARN_OBJC_IMPLICIT_RETAIN_SELF = YES;
				CLANG_WARN_OBJC_LITERAL_CONVERSION = YES;
				CLANG_WARN_OBJC_ROOT_CLASS = YES_ERROR;
				CLANG_WARN_QUOTED_INCLUDE_IN_FRAMEWORK_HEADER = YES;
				CLANG_WARN_RANGE_LOOP_ANALYSIS = YES;
				CLANG_WARN_STRICT_PROTOTYPES = YES;
				CLANG_WARN_SUSPICIOUS_MOVE = YES;
				CLANG_WARN_UNGUARDED_AVAILABILITY = YES_AGGRESSIVE;
				CLANG_WARN_UNREACHABLE_CODE = YES;
				CLANG_WARN__DUPLICATE_METHOD_MATCH = YES;
				COPY_PHASE_STRIP = NO;
				DEBUG_INFORMATION_FORMAT = "dwarf-with-dsym";
				ENABLE_NS_ASSERTIONS = NO;
				ENABLE_STRICT_OBJC_MSGSEND = YES;
				GCC_C_LANGUAGE_STANDARD = gnu11;
				GCC_NO_COMMON_BLOCKS = YES;
				GCC_WARN_64_TO_32_BIT_CONVERSION = YES;
				GCC_WARN_ABOUT_RETURN_TYPE = YES_ERROR;
				GCC_WARN_UNDECLARED_SELECTOR = YES;
				GCC_WARN_UNINITIALIZED_AUTOS = YES_AGGRESSIVE;
				GCC_WARN_UNUSED_FUNCTION = YES;
				GCC_WARN_UNUSED_VARIABLE = YES;
				IPHONEOS_DEPLOYMENT_TARGET = 15.0;
				MTL_ENABLE_DEBUG_INFO = NO;
				MTL_FAST_MATH = YES;
				SDKROOT = iphoneos;
				SWIFT_COMPILATION_MODE = wholemodule;
				SWIFT_OPTIMIZATION_LEVEL = "-O";
				VALIDATE_PRODUCT = YES;
			};
			name = Release;
		};
		048E16652A176A540008CF2A /* Debug */ = {
			isa = XCBuildConfiguration;
			baseConfigurationReference = C0B0CC910109A565297FE5AE /* Pods-Drinkr!.debug.xcconfig */;
			buildSettings = {
				ASSETCATALOG_COMPILER_APPICON_NAME = AppIcon;
				ASSETCATALOG_COMPILER_GLOBAL_ACCENT_COLOR_NAME = AccentColor;
				CODE_SIGN_ENTITLEMENTS = "Drinkr!/Drinkr!.entitlements";
				CODE_SIGN_STYLE = Automatic;
				CURRENT_PROJECT_VERSION = 1;
				DEVELOPMENT_TEAM = 7WDBV2M4JT;
				GENERATE_INFOPLIST_FILE = YES;
				INFOPLIST_FILE = "Drinkr!/Info.plist";
				INFOPLIST_KEY_NSCameraUsageDescription = "Drinkr! needs access to your camera to scan bottle labels.";
				INFOPLIST_KEY_NSLocationWhenInUseUsageDescription = "Drinkr! needs your location to show you nearby bars.";
				INFOPLIST_KEY_NSPhotoLibraryUsageDescription = "Drinkr! needs access to your photo library to store your photos.";
				INFOPLIST_KEY_UIApplicationSupportsIndirectInputEvents = YES;
				INFOPLIST_KEY_UILaunchStoryboardName = LaunchScreen;
				INFOPLIST_KEY_UIMainStoryboardFile = Main;
				INFOPLIST_KEY_UISupportedInterfaceOrientations = "UIInterfaceOrientationPortrait UIInterfaceOrientationPortraitUpsideDown";
				INFOPLIST_KEY_UISupportedInterfaceOrientations_iPad = UIInterfaceOrientationPortrait;
				LD_RUNPATH_SEARCH_PATHS = (
					"$(inherited)",
					"@executable_path/Frameworks",
				);
				MARKETING_VERSION = 1.0;
				PRODUCT_BUNDLE_IDENTIFIER = "com.yoonzy.Drinkr-";
				PRODUCT_NAME = "$(TARGET_NAME)";
				SWIFT_EMIT_LOC_STRINGS = YES;
				SWIFT_VERSION = 5.0;
				TARGETED_DEVICE_FAMILY = "1,2";
			};
			name = Debug;
		};
		048E16662A176A540008CF2A /* Release */ = {
			isa = XCBuildConfiguration;
			baseConfigurationReference = AE559A43A4F2DBB9910367AB /* Pods-Drinkr!.release.xcconfig */;
			buildSettings = {
				ASSETCATALOG_COMPILER_APPICON_NAME = AppIcon;
				ASSETCATALOG_COMPILER_GLOBAL_ACCENT_COLOR_NAME = AccentColor;
				CODE_SIGN_ENTITLEMENTS = "Drinkr!/Drinkr!.entitlements";
				CODE_SIGN_STYLE = Automatic;
				CURRENT_PROJECT_VERSION = 1;
				DEVELOPMENT_TEAM = 7WDBV2M4JT;
				GENERATE_INFOPLIST_FILE = YES;
				INFOPLIST_FILE = "Drinkr!/Info.plist";
				INFOPLIST_KEY_NSCameraUsageDescription = "Drinkr! needs access to your camera to scan bottle labels.";
				INFOPLIST_KEY_NSLocationWhenInUseUsageDescription = "Drinkr! needs your location to show you nearby bars.";
				INFOPLIST_KEY_NSPhotoLibraryUsageDescription = "Drinkr! needs access to your photo library to store your photos.";
				INFOPLIST_KEY_UIApplicationSupportsIndirectInputEvents = YES;
				INFOPLIST_KEY_UILaunchStoryboardName = LaunchScreen;
				INFOPLIST_KEY_UIMainStoryboardFile = Main;
				INFOPLIST_KEY_UISupportedInterfaceOrientations = "UIInterfaceOrientationPortrait UIInterfaceOrientationPortraitUpsideDown";
				INFOPLIST_KEY_UISupportedInterfaceOrientations_iPad = UIInterfaceOrientationPortrait;
				LD_RUNPATH_SEARCH_PATHS = (
					"$(inherited)",
					"@executable_path/Frameworks",
				);
				MARKETING_VERSION = 1.0;
				PRODUCT_BUNDLE_IDENTIFIER = "com.yoonzy.Drinkr-";
				PRODUCT_NAME = "$(TARGET_NAME)";
				SWIFT_EMIT_LOC_STRINGS = YES;
				SWIFT_VERSION = 5.0;
				TARGETED_DEVICE_FAMILY = "1,2";
			};
			name = Release;
		};
/* End XCBuildConfiguration section */

/* Begin XCConfigurationList section */
		048E164B2A176A520008CF2A /* Build configuration list for PBXProject "Drinkr!" */ = {
			isa = XCConfigurationList;
			buildConfigurations = (
				048E16622A176A540008CF2A /* Debug */,
				048E16632A176A540008CF2A /* Release */,
			);
			defaultConfigurationIsVisible = 0;
			defaultConfigurationName = Release;
		};
		048E16642A176A540008CF2A /* Build configuration list for PBXNativeTarget "Drinkr!" */ = {
			isa = XCConfigurationList;
			buildConfigurations = (
				048E16652A176A540008CF2A /* Debug */,
				048E16662A176A540008CF2A /* Release */,
			);
			defaultConfigurationIsVisible = 0;
			defaultConfigurationName = Release;
		};
/* End XCConfigurationList section */

/* Begin XCRemoteSwiftPackageReference section */
		0480D8F92A27B89D00FB440F /* XCRemoteSwiftPackageReference "firebase-ios-sdk" */ = {
			isa = XCRemoteSwiftPackageReference;
			repositoryURL = "https://github.com/firebase/firebase-ios-sdk";
			requirement = {
				kind = upToNextMajorVersion;
				minimumVersion = 10.0.0;
			};
		};
		04946E742A262EB400DCD2A4 /* XCRemoteSwiftPackageReference "lottie-ios" */ = {
			isa = XCRemoteSwiftPackageReference;
			repositoryURL = "https://github.com/airbnb/lottie-ios";
			requirement = {
				kind = upToNextMajorVersion;
				minimumVersion = 4.0.0;
			};
		};
		04D2C1D72A238A39001212A7 /* XCRemoteSwiftPackageReference "GoogleSignIn-iOS" */ = {
			isa = XCRemoteSwiftPackageReference;
			repositoryURL = "https://github.com/google/GoogleSignIn-iOS";
			requirement = {
				kind = upToNextMajorVersion;
				minimumVersion = 7.0.0;
			};
		};
/* End XCRemoteSwiftPackageReference section */

/* Begin XCSwiftPackageProductDependency section */
		0480D8FA2A27B89D00FB440F /* FirebaseAuth */ = {
			isa = XCSwiftPackageProductDependency;
			package = 0480D8F92A27B89D00FB440F /* XCRemoteSwiftPackageReference "firebase-ios-sdk" */;
			productName = FirebaseAuth;
		};
		0480D8FC2A27B89D00FB440F /* FirebaseFirestore */ = {
			isa = XCSwiftPackageProductDependency;
			package = 0480D8F92A27B89D00FB440F /* XCRemoteSwiftPackageReference "firebase-ios-sdk" */;
			productName = FirebaseFirestore;
		};
		0480D8FE2A27B89D00FB440F /* FirebaseFirestoreCombine-Community */ = {
			isa = XCSwiftPackageProductDependency;
			package = 0480D8F92A27B89D00FB440F /* XCRemoteSwiftPackageReference "firebase-ios-sdk" */;
			productName = "FirebaseFirestoreCombine-Community";
		};
		0480D9002A27B89D00FB440F /* FirebaseFirestoreSwift */ = {
			isa = XCSwiftPackageProductDependency;
			package = 0480D8F92A27B89D00FB440F /* XCRemoteSwiftPackageReference "firebase-ios-sdk" */;
			productName = FirebaseFirestoreSwift;
		};
		0480D9022A27B89D00FB440F /* FirebaseMLModelDownloader */ = {
			isa = XCSwiftPackageProductDependency;
			package = 0480D8F92A27B89D00FB440F /* XCRemoteSwiftPackageReference "firebase-ios-sdk" */;
			productName = FirebaseMLModelDownloader;
		};
		0480D9042A27B89D00FB440F /* FirebaseStorage */ = {
			isa = XCSwiftPackageProductDependency;
			package = 0480D8F92A27B89D00FB440F /* XCRemoteSwiftPackageReference "firebase-ios-sdk" */;
			productName = FirebaseStorage;
		};
		0480D9062A27B89D00FB440F /* FirebaseStorageCombine-Community */ = {
			isa = XCSwiftPackageProductDependency;
			package = 0480D8F92A27B89D00FB440F /* XCRemoteSwiftPackageReference "firebase-ios-sdk" */;
			productName = "FirebaseStorageCombine-Community";
		};
		04946E752A262EB400DCD2A4 /* Lottie */ = {
			isa = XCSwiftPackageProductDependency;
			package = 04946E742A262EB400DCD2A4 /* XCRemoteSwiftPackageReference "lottie-ios" */;
			productName = Lottie;
		};
		04D2C1D82A238A39001212A7 /* GoogleSignIn */ = {
			isa = XCSwiftPackageProductDependency;
			package = 04D2C1D72A238A39001212A7 /* XCRemoteSwiftPackageReference "GoogleSignIn-iOS" */;
			productName = GoogleSignIn;
		};
/* End XCSwiftPackageProductDependency section */
	};
	rootObject = 048E16482A176A520008CF2A /* Project object */;
}
